{
  "version": 4,
  "terraform_version": "1.5.7",
  "serial": 224,
  "lineage": "2b9d7604-694b-96e3-6bab-35f80f9af50e",
  "outputs": {
    "aks_cluster_endpoint": {
      "value": "https://devopsproject-tqko65m0.hcp.canadacentral.azmk8s.io:443",
      "type": "string",
      "sensitive": true
    },
    "aks_cluster_name": {
      "value": "DevOpsproject-cluster1",
      "type": "string"
    },
    "kube_config": {
      "value": "apiVersion: v1\nclusters:\n- cluster:\n    certificate-authority-data: LS0tLS1CRUdJTiBDRVJUSUZJQ0FURS0tLS0tCk1JSUU2VENDQXRHZ0F3SUJBZ0lSQU42SjRLRUxRWVZjMGdUckp1amZCTmt3RFFZSktvWklodmNOQVFFTEJRQXcKRFRFTE1Ba0dBMVVFQXhNQ1kyRXdJQmNOTWpRd09EQXhNVGswTmpNd1doZ1BNakExTkRBNE1ERXhPVFUyTXpCYQpNQTB4Q3pBSkJnTlZCQU1UQW1OaE1JSUNJakFOQmdrcWhraUc5dzBCQVFFRkFBT0NBZzhBTUlJQ0NnS0NBZ0VBCndIOEtBdzhzVEdKbU80bElnYUZZdmZrMkJ3aFhOSnVHN1lWTHNhZVc4eUxVajYxSUFyU3NHVVhQOVBRSXRNUksKTjNDSXlEMml6ZXZDdFJoNjdnaEhsNGlPY2FLNkNxcGp0Y1MvSDZVZ2ZPekEzSEZvM0RXTklCc21OZk5wcTNxdgpTU0RKNjNOdFV5SkYvc3RVUWRBSXVkb0c2RUlPU0hXNjVzcmNmbmVPWms2UmZUTERPWW1EWW41NU1reko2NkI4CnVWOXhwUkhVWEVFRktob0xHS1RGczdLWDUzaUNrRmorNjUwZnhTOUprWHo3U2xGc1E0ZGxGOEpxUlhOQ3pya0sKU0dXRjZ5L2hmQ1d4YkhZbSs5YWdaZzNkaUZnQ0FiS3hoYUFFM2EyWmVXcXJvMGtZNCtIaEpROUZLZG9RVWZUMwo2RTVuVlZ1eUp4TlEvWXFyL1ErQnArcWtGcWhJU1IxcnllVmVGMXAvY2hkS0dKK3lDQ2NKdlRLTWRqREJpTndBCnRGenI3ZEQ1SzVoNVNmdkYydE9JRXc1YzQ2WVR1c251aS9zWUI4T0tPL0pjQkpXVzVYUkxnK1J1aDdYY0ZaRTMKVURTdHVUbVNlOU5IQjB2Z1ZvdEVjRHFoVUNXQlVOVTFyQUVmTlpSWXg3QUJtREV5QXU4R0hPMElhWDJxRktRKwo4RDNweWVJS3FYbm1WZzc4elNzNlMwN2NsTEVxS1V5U3dFcjY1R1VIbzU0SjZ3TGNjS041ZFZ1YnR6MkVTa0RQClhwQnM0RUpCeXR2bkJ5dUltdHFxbWYrLzE2WFdyWDRWS0w2SW02K2dSNmNmcmF0WXY3MS81QVZCZ09nQ0NtbUEKaVJiL0tSZ1c4dWwwbXJUekdGaW9DWUJ3bGdwTDV5TEVMNzkydUNROEp4TUNBd0VBQWFOQ01FQXdEZ1lEVlIwUApBUUgvQkFRREFnS2tNQThHQTFVZEV3RUIvd1FGTUFNQkFmOHdIUVlEVlIwT0JCWUVGUHdkZGtXRllGWFk2c2hSClRNYW1ZRGx1RlhiTE1BMEdDU3FHU0liM0RRRUJDd1VBQTRJQ0FRQWptNitPYjVWNTRHa2RRS2dObEpXOTNWWFoKc1dPNjhrSkMxb09qMGpudTF6VU51WWhMVUNING1QY0o2eEZmcFNPMGMxMEVLRWJTYklXS1JNZ3NNamxuT2NvaApGdFIwUWlkT1g3OEVQYnVabTBiUHZPcTcxd3JEanRXR1g1S2loQk5HZkNyQ3FOYmxQK3l4OGt1TmxUNkdGT3lSClE1bWM3WmI0cjRYOUpCb0I4MEwyS1d2YTlZekljWWVIZjV6N3RmOVVMYjlaVE95NU5iUm5UV0hNbHRoOHNPM24KZS82Q0w4T0F4VmRGVFJOVUtZbGZjTDRZTFdSTCtjQTVZc2lhVDQyZ1BrQ3E4YzQyV3IwS29kbU1LUjNCUzY5TAo4V3l3T21hNFk4bGIyTGJTSTQvN0FJa1NiZGRxbFlMS2paTS9XK0pKaTFCRDh5bk81dTdRKzV0Q3BmQkdiSmozCkhoMkVQakFWZDZaMXM5MUttU200OFV4elJIb3k0UTFGZzIxdHM2RzhQU1lSZ2Vwc0IxTmRIVDZmS05IdzlGbTMKOE9hU3RrWHhlL0FCY1hRWUgxRnhNeUZpNUNYb2wySHZTNUhGTm9OTmtoRnZKSDU1REJlYitJRFMvOWxCUnVyVwo5UE56T1dBNEgvMWZBSGUrcG9wL1VialVoWEZTOFdGODZyRlJFUGJCMENCVGczSGhhOWg5eVFFZVBzMVFieDgwCnRoRFZySjVMUWorN28zTkQ4eU0zQkNPcmJ2R2lPYlJhVkQvdEUrN0Z4M0FSOU5OZWRWVnJuZzdKUkk1MWg1eWQKQmsvQlZEdWhCZ3FmZkRFNWN3b1E4ZXBzUEM4VkVEY3VoSi9HZ3NoekFUNjdiMVQ3OEwwVVgveHM1TDNvNDJKRQpWUDIrQzJBZ1NveWRCZ1k2Nnc9PQotLS0tLUVORCBDRVJUSUZJQ0FURS0tLS0tCg==\n    server: https://devopsproject-tqko65m0.hcp.canadacentral.azmk8s.io:443\n  name: DevOpsproject-cluster1\ncontexts:\n- context:\n    cluster: DevOpsproject-cluster1\n    user: clusterUser_DevOpsProject-rg_DevOpsproject-cluster1\n  name: DevOpsproject-cluster1\ncurrent-context: DevOpsproject-cluster1\nkind: Config\npreferences: {}\nusers:\n- name: clusterUser_DevOpsProject-rg_DevOpsproject-cluster1\n  user:\n    client-certificate-data: LS0tLS1CRUdJTiBDRVJUSUZJQ0FURS0tLS0tCk1JSUZIakNDQXdhZ0F3SUJBZ0lSQVB6ZFdLZ2dEc2V5c3JpemdvdjgwaXd3RFFZSktvWklodmNOQVFFTEJRQXcKRFRFTE1Ba0dBMVVFQXhNQ1kyRXdIaGNOTWpRd09EQXhNVGswTmpNd1doY05Nall3T0RBeE1UazFOak13V2pBdwpNUmN3RlFZRFZRUUtFdzV6ZVhOMFpXMDZiV0Z6ZEdWeWN6RVZNQk1HQTFVRUF4TU1iV0Z6ZEdWeVkyeHBaVzUwCk1JSUNJakFOQmdrcWhraUc5dzBCQVFFRkFBT0NBZzhBTUlJQ0NnS0NBZ0VBdFVQZ0hEOEorWHl2QlZwazM3TkkKRFhJOUErWXVnS3RBUGpWcUV1RXJzQ09MSmVQTFZIS2lZQTFndVJrVXFwdEhNRUlRZjFWMG8yK256Q2VJMzMzbgpjK0VrVVhuUTZzaEJpTml6MXphUDVteDZub2h4eDBDQUZWTi9kT09RSi9HdnN6TmlET1BEbysyZDRhVEthVEtNCjZWYW4vczFlSjUxMU4zZDU5RGdXY1gyb2kydnZqU3RtY2N4STF6NXliRlZXdjBSNnA4NDRqMWRIaGwrTHlMYUwKRGxLNVRyMWdkNHJPZHNnVVBUN3BJcmNVZ2dXV3FUNXk1Vno5TmpRWGlnMEZsbkxJNFROMENxWEh6eDNoVS82RQpiRENlK3pycnlNRGdFaDNyQ2RYRy94anZiQUZlTUZKb1F5NXFMZ1dTTm9NNmVGd3BFT0I1dFRHTUEwLzA2QlRqClJac29zUmE5Mk00T2RJVjZCSWs1TTlYYnNVSTdSeTVBd3JTc3NKRVIyQTExNlFVNms3SE11am1aRkxSczdMaFgKNlVyclorY3dJbktzTXlhbDZuMHE5ZVB3MXUwdFdqLzdYN1U3QjkzREVLa1R5RkVjSU5IbkpHdS81eGNZKzhYdQppTmFHWjZ2dTRDcTBHeWw5MFZ1UXM1Z09haEVtMkoxT0FCUG1PVDZhSUFFcHdNUU1pOEZpeFhlbnZCWUpNM1JQCjZqRVNYZDNOUmYyOXZGR2wwRk14S2tXZ1g4SHZUejF2Wk5DUjdlZVowTlJmZWQwS29GTU9ja3k0aWtDa2ZkOU0KVlpVbnNmWE92K29OZTBYWGY3VjRHOERjNkFQVlFONTFsSEdLQlNIa0pLL1NVL2FWZHNrWXZ0eEFhRnNua05aWAp2Z3M1UnZybUVzSGNQRGdOYm8yOVhya0NBd0VBQWFOV01GUXdEZ1lEVlIwUEFRSC9CQVFEQWdXZ01CTUdBMVVkCkpRUU1NQW9HQ0NzR0FRVUZCd01DTUF3R0ExVWRFd0VCL3dRQ01BQXdId1lEVlIwakJCZ3dGb0FVL0IxMlJZVmcKVmRqcXlGRk14cVpnT1c0VmRzc3dEUVlKS29aSWh2Y05BUUVMQlFBRGdnSUJBSEM3NFMzRkJuL3VPSTZ1ZFVENApYOXZzYzVDN1pFWUtpMzVOYVhxemhYYUZ6ODhLWW9XL0Y1ZjFZSksycUpSTnQ4REF3a0NxM2hCQVV6blBlOWNGCnJObkl4d0swamZLRHJuSzB5OFludS9aUUg4U0NvTE1xYmFPYkVDNmtGckduYVNFbmE4V1VPeldkWXA3V09uc08KNkdKYlUxbGx6bUlSdlJpb3FoOUlhQlg1Z1kvNGV1V1UrMW5NVzFxNjROa1djR3pQb3JKRysxWWZIeVJ4VzZFWQpEaXBMWmwyQmE3Z1RrcnYzeENyendpQzE2WEsrRUlsODZxdjRlUjZRK0ovZmlZRmxXWDFMYzU5YldoNHlURXVxClJYVll0aHNvR3BKOW5qWlNkYWNKeWxaN256ejg3S2pmeW5wSWhkVEtXVzRBTU1EOWdQM2dUU3ZxZWY1bTZ4WFgKRDFBTnJtdHhydTBNeEFQUHhkOUlob01JTFpjRW5NbEM0S2N4Mm0zSUxuZ2M1a2Rmb09HUEQveUJ3QWJsb1pGaQoxY1pBNk4vQ1hjTHJGNCtITUlRSmhUMDJ3UjhjS3lhWEQ2Z0dxQXpMcWRVZHJPZHJkampCMmc3bk5YRytxcnZ4ClZtVjQwc1F5UDhiQVNFa0VVRUVTWHB4eHNvRmlFT2dDZ0JxUGJsV28zRUNTZi9oMDlPaU05TGRYSVd1NGxLUzUKdFNVUTEzYTdyUUlrd25MUzFLSmpUeWw5K3pUb2ovaVAyNVBhb0JtS2pUMmtkRHJGdE5lY0dnZTdKNk9TMUY3VwpwS2t2VStsMG4rc0R3c2QrbkRCdVdMVXpOSnAvNTZiSXI1SmJMNklOemltTlBhcUh4bVJHVGVReXdBbjdCajVpCk9xSzVMMXpaY1N5L0RyRThmQzROd2RiRAotLS0tLUVORCBDRVJUSUZJQ0FURS0tLS0tCg==\n    client-key-data: LS0tLS1CRUdJTiBSU0EgUFJJVkFURSBLRVktLS0tLQpNSUlKS1FJQkFBS0NBZ0VBdFVQZ0hEOEorWHl2QlZwazM3TklEWEk5QStZdWdLdEFQalZxRXVFcnNDT0xKZVBMClZIS2lZQTFndVJrVXFwdEhNRUlRZjFWMG8yK256Q2VJMzMzbmMrRWtVWG5RNnNoQmlOaXoxemFQNW14Nm5vaHgKeDBDQUZWTi9kT09RSi9HdnN6TmlET1BEbysyZDRhVEthVEtNNlZhbi9zMWVKNTExTjNkNTlEZ1djWDJvaTJ2dgpqU3RtY2N4STF6NXliRlZXdjBSNnA4NDRqMWRIaGwrTHlMYUxEbEs1VHIxZ2Q0ck9kc2dVUFQ3cElyY1VnZ1dXCnFUNXk1Vno5TmpRWGlnMEZsbkxJNFROMENxWEh6eDNoVS82RWJEQ2UrenJyeU1EZ0VoM3JDZFhHL3hqdmJBRmUKTUZKb1F5NXFMZ1dTTm9NNmVGd3BFT0I1dFRHTUEwLzA2QlRqUlpzb3NSYTkyTTRPZElWNkJJazVNOVhic1VJNwpSeTVBd3JTc3NKRVIyQTExNlFVNms3SE11am1aRkxSczdMaFg2VXJyWitjd0luS3NNeWFsNm4wcTllUHcxdTB0CldqLzdYN1U3QjkzREVLa1R5RkVjSU5IbkpHdS81eGNZKzhYdWlOYUdaNnZ1NENxMEd5bDkwVnVRczVnT2FoRW0KMkoxT0FCUG1PVDZhSUFFcHdNUU1pOEZpeFhlbnZCWUpNM1JQNmpFU1hkM05SZjI5dkZHbDBGTXhLa1dnWDhIdgpUejF2Wk5DUjdlZVowTlJmZWQwS29GTU9ja3k0aWtDa2ZkOU1WWlVuc2ZYT3Yrb05lMFhYZjdWNEc4RGM2QVBWClFONTFsSEdLQlNIa0pLL1NVL2FWZHNrWXZ0eEFhRnNua05aWHZnczVSdnJtRXNIY1BEZ05ibzI5WHJrQ0F3RUEKQVFLQ0FnQUVjME1vVGwvblVTbFczMDVFczdrY0kyYmVGcU9qb3hDenRrb0JacWZVN2pwM1ZxMWlTR0kySzMzcApiWFUxYnhTRFdjdmY1SEExcHdNZW53WGNQdElVNVQwb0J1NmJKUWwrMjVzbXVIODE4QW5lcElqdWxHWFFvRGtyCjNINW9qS1Y4cDlGTGNiZ1c2VG1NRmFpbWhvZ3hIbUNIZi9GRTFiZlFBYzNyc2dqVEJudkIySWVNRnJtd0o0ek8KUkFrNUlhczhqT2paLzlVaHA4bm93YVhENnI5bFBhQ3hEek0wSENOUGhVQUI5TzV5WEw1VEp1SDVDOEIwWXlFUQpXSjBQVlp5Q2doVHVlbjNwMlFJYjBxYjZrZkFjVytFN1Y4bjhKc2daaWNTQWZGQWphVEJQbllUN2VMcDRrOFlsCmxSdHUzUy90VG8zdmpTTlAwSVNZZkRrT0RaMDZ5SzB5eTNUbzFJb1AyaVpHMktkbXJrQ3Y0UWdYYWIreGdjRmcKSXlwT2pQQlFqQlQ0ZktwS2QyaXU5cmQvbzFIejVSM2NMTHNzZWt3NTRzNVQ2OFRmMzlUbVlrWVNZVStubDlOUwpHTG9qay9VbHFEcEdTZFprWEQwdjNwcXYrY2VkVjU0bWx0a3lMNklEcFJ1NEhYaDZCUnM0RFFKQXNtSmtoQ2d6Cmw2UmxMNEpTMnpxWWFmTkFJZlVNUGEzaUU1NnFoa040Zm9WL0VwNVNDeXhoMEh6ZkYrZDJUbEhNZlNDMHp6QlYKSVM1ekxTNldjc0U5RmJVVzNUamIvUG82WHdSRHo5U0lycStXbEZuQm5DU2oxaG5OWXp1SzNKUXdINHgwcllOWgo1U3d2NUdFTlJvbHVkV0duRVJ6U1lZRWRKZGlyNUFIOGdsU2ZzWmNvS0N6VUVEUlZSUUtDQVFFQTJ3ZHp4Q0tMCm45UGw5WFNISG0vekpIUlNYQnhFOUpyMFYwQXNEek53OTZwL1FRZ3IyQVp4eTh6UFJIN2RjR1RyRFhlKzg0ZXAKTE1xb253UlBoUDgxaHV3Nm1sUGJWL3ptM1ZWOHZ3cHhmUlczRURkaUs1N1pHeHc0c2xnUVY0MzhMRVNJQkdWNQo3RXV1VGVaR2Y5MjR6WXhEOU5obzkvdEVQYzJqcWlLNU1hWEt4QjlCdzhTMjliTGM3Y1c5VW8vbnFZbWhETVhaClhJV0o1S0J1UUs4U2daTzgrVnhFcGR1MFV2aWZoVVJFSDNRaktPcWw4VFdaRkFDb0hsa0tQd0U3S3F1ZzFRbWYKVlZqMlFuSHo0d2F1eGhLNkFLN2NCS0dIWlVRelhBa3VpQ3g2TWw4aWxXMXA0WWdrWGY4akRUaFdMc0JCNnIrWgpqdG5RTW9iWjcwbndRd0tDQVFFQTA5eVhIT0JPczBINCtGKzBBRTQyRm9rOU5xSUtYVzNyYU9YdWkxZ3B5bVoyCmx6OHo0WnNrL3dsM3BwYW5rc3N1d1l4R1h5aGNabUswaDBkdnJXeVFYRUltWmpBYW0rK3d4WjBCQWx6dHdSNGIKMnBtUXBuNEtUTHZaRVNLRWt6SVNScno4N2czdHExenM2dmViTnovZVlLcGduLzgvcDJDWGVSQ0NneUE5VEtadAp0OGZNRFVOYWh0d3R6SEN2cGRrZ0lsZ1hCOE03bTIzZWY3cEpsMEJ5OS8wQ21YWnUxd2RlYUx2SUJJZHpvRzZvCnYwL2s2V0I1WkFueXRQU0dYSktSa2d2NXRHQmZIbS9LNEZxU09qeXZLV3N0MVhxYm4vc25uNWx4bHhDNmp6dngKRDZ5MExBTzVHQU5JM29meWZFMi9Rc3Y5aU9QTjk5aWVGanZzSHhxVFV3S0NBUUVBamR0L3dSSld1QWQzc3NmcwpFMnlTWDVQdkc3VTdlK2s0UTZKT1p2SDhRb3ZzcTJQdGNaYUs4V0lQQTkvZTc4S004a1lTS0l3K3A4SUNBQ3U4CmpQajE1Qkx2eWJCeUtjU2tpY21xWjlrTnMrUHlrdEFzQnZCMDBMZ3dpR0c5QTlmejhYL1pVRytnemNnZWRsbWsKWTRCcEJzZkg0N2FlRmE1cGZsWEhvSk9vdWwwVXZIMDZETjlGV0ZDbUFtSEZ3c2x0VTBMT1NnV0NTQWc5VFJRVApGRlhQZUprRkZjUUt1aGxYNnowWHBDcVlySDU5bnl5S21YVUxWZ2N1MjZqemwrYm1PVGE3amY4VGNTV1RLV25BCmVkT0VNc2xDS3RzVnFQSXRUUXNrOElFSjRDeGVZRzE1YXFwWW56ZWJ4ajFPcUd0S2RqRVRBRVZqNFQ5MU5xUmMKVmp6ZkhRS0NBUUEwNmJNVUV6R1VzN1ZxMHZ3eDExYks2aHZQdVVpOWJPYU9uRjZuanExaFQ1WHUwR28wdm5yTwo5NTVhak9YdFU3R3B4VThPRlJaK3U4ZzZ3U3l6TTVvYWNLc0dlcDBxdFFLQldHVVlJZjEvYmZXbTh4T2RnWDB4CkRQbDV2aFUrYmhNQ2Q5RHo0NmFvVmQwV0VpRkIrMEdmQXU1L0IxRHVqTUZJQzBlTldFLzNCTm9DUEhSS0c3aFEKVmsxWjhncnNjUDRGbGRxcXBhZ05lYk5JVTA1dDZEck9sUEpCUWNNTkVWb1M3bE5XVGo0aW80Q2h4MkowcHhPcQpXSkcxZ0J6T29neVpYVVJRT0lHSktJS1M1Z3YvWDRpZjM1VGk3R3hSMkhoYzlBWGFwT0x6UXhWQnhQQjZ6Yk04CnZCVkcvczBoSG9uV05QeHRZL2ZkSHN6YzRMcG9Ta3JoQW9JQkFRQ0xiSzlJQlMvck90VER4R1dQRjNET3R5UnIKMXh3RVpkS3F3OFV1QWdGTHlOSjFzOUNFZEw1VDBEVjZkbmFWYTdBNWgzdHdzUmI0SjNYVk1QSVN2OVhiQjYzYQp6Sm43aXlPYy8zNllwMEFDR2lwRFBWREllZzg3UjVROGVVLzNZZlQzZ1pLMkROSDRlT0VXSlVad3dFbkl4V1NZClhwdHF3NkFrbmYxMmUyTkpaZ2JvSk9FUnYzU056L3lSbllUZFIwMmtWOG5NdnVnU1VrWnJRald4a2lzNkRHQ3gKOW5zaHFaekxxcVNXajhJd2ZlR3BNYTRLR3lFcm1Hd3I2NVIvQXRoTFdnVERuMzdsK2MyRk9FZXBZU3JCYnZQbAowbHZPSWR1YUllZTVMcU9mZFpvQkl2c3VJT0NZamFEeEFLc3E5cTFySDFXNTBPOS93VjNKM0VBNVNmcnoKLS0tLS1FTkQgUlNBIFBSSVZBVEUgS0VZLS0tLS0K\n    token: nocvv7jzhty35369hmm9mr455tb9pzmxdw4coe6dwsi235eg32otmlb7hzp0nln7gfwrdlg3qbsxrtf4ns00h6q52ckybeb9q3rjjkd5jcucf6fq4kszdvycd2f4bgch\n",
      "type": "string",
      "sensitive": true
    },
    "public_ip": {
      "value": "4.206.119.104",
      "type": "string"
    }
  },
  "resources": [
    {
      "mode": "managed",
      "type": "azurerm_container_registry",
      "name": "acr",
      "provider": "provider[\"registry.terraform.io/hashicorp/azurerm\"]",
      "instances": [
        {
          "schema_version": 2,
          "attributes": {
            "admin_enabled": false,
            "admin_password": "",
            "admin_username": "",
            "anonymous_pull_enabled": false,
            "data_endpoint_enabled": false,
            "encryption": [
              {
                "enabled": false,
                "identity_client_id": "",
                "key_vault_key_id": ""
              }
            ],
            "export_policy_enabled": true,
            "georeplications": [],
            "id": "/subscriptions/e8f02450-f902-4480-a459-da106d4175a3/resourceGroups/DevOpsProject-rg/providers/Microsoft.ContainerRegistry/registries/devopsprojectlambtonregistry",
            "identity": [],
            "location": "canadacentral",
            "login_server": "devopsprojectlambtonregistry.azurecr.io",
            "name": "devopsprojectlambtonregistry",
            "network_rule_bypass_option": "AzureServices",
            "network_rule_set": [],
            "public_network_access_enabled": true,
            "quarantine_policy_enabled": false,
            "resource_group_name": "DevOpsProject-rg",
            "retention_policy": [
              {
                "days": 7,
                "enabled": false
              }
            ],
            "sku": "Basic",
            "tags": {},
            "timeouts": null,
            "trust_policy": [
              {
                "enabled": false
              }
            ],
            "zone_redundancy_enabled": false
          },
          "sensitive_attributes": [],
          "private": "eyJlMmJmYjczMC1lY2FhLTExZTYtOGY4OC0zNDM2M2JjN2M0YzAiOnsiY3JlYXRlIjoxODAwMDAwMDAwMDAwLCJkZWxldGUiOjE4MDAwMDAwMDAwMDAsInJlYWQiOjMwMDAwMDAwMDAwMCwidXBkYXRlIjoxODAwMDAwMDAwMDAwfSwic2NoZW1hX3ZlcnNpb24iOiIyIn0=",
          "dependencies": [
            "azurerm_resource_group.rg"
          ]
        }
      ]
    },
    {
      "mode": "managed",
      "type": "azurerm_kubernetes_cluster",
      "name": "aks",
      "provider": "provider[\"registry.terraform.io/hashicorp/azurerm\"]",
      "instances": [
        {
          "schema_version": 2,
          "attributes": {
            "aci_connector_linux": [],
            "api_server_access_profile": [],
            "api_server_authorized_ip_ranges": [],
            "auto_scaler_profile": [],
            "automatic_channel_upgrade": "",
            "azure_active_directory_role_based_access_control": [],
            "azure_policy_enabled": null,
            "confidential_computing": [],
            "cost_analysis_enabled": false,
            "current_kubernetes_version": "1.29.2",
            "custom_ca_trust_certificates_base64": [],
            "default_node_pool": [
              {
                "capacity_reservation_group_id": "",
                "custom_ca_trust_enabled": false,
                "enable_auto_scaling": false,
                "enable_host_encryption": false,
                "enable_node_public_ip": false,
                "fips_enabled": false,
                "gpu_instance": "",
                "host_group_id": "",
                "kubelet_config": [],
                "kubelet_disk_type": "OS",
                "linux_os_config": [],
                "max_count": 0,
                "max_pods": 30,
                "message_of_the_day": "",
                "min_count": 0,
                "name": "agentpool",
                "node_count": 2,
                "node_labels": {},
                "node_network_profile": [],
                "node_public_ip_prefix_id": "",
                "node_taints": [],
                "only_critical_addons_enabled": false,
                "orchestrator_version": "1.29.2",
                "os_disk_size_gb": 128,
                "os_disk_type": "Managed",
                "os_sku": "Ubuntu",
                "pod_subnet_id": "",
                "proximity_placement_group_id": "",
                "scale_down_mode": "Delete",
                "snapshot_id": "",
                "tags": {},
                "temporary_name_for_rotation": "",
                "type": "VirtualMachineScaleSets",
                "ultra_ssd_enabled": false,
                "upgrade_settings": [
                  {
                    "drain_timeout_in_minutes": 0,
                    "max_surge": "10%",
                    "node_soak_duration_in_minutes": 0
                  }
                ],
                "vm_size": "Standard_DS2_v2",
                "vnet_subnet_id": "/subscriptions/e8f02450-f902-4480-a459-da106d4175a3/resourceGroups/DevOpsProject-rg/providers/Microsoft.Network/virtualNetworks/vnet/subnets/aks-subnet",
                "workload_runtime": "",
                "zones": []
              }
            ],
            "disk_encryption_set_id": "",
            "dns_prefix": "devopsproject",
            "dns_prefix_private_cluster": "",
            "edge_zone": "",
            "enable_pod_security_policy": false,
            "fqdn": "devopsproject-tqko65m0.hcp.canadacentral.azmk8s.io",
            "http_application_routing_enabled": null,
            "http_application_routing_zone_name": null,
            "http_proxy_config": [],
            "id": "/subscriptions/e8f02450-f902-4480-a459-da106d4175a3/resourceGroups/DevOpsProject-rg/providers/Microsoft.ContainerService/managedClusters/DevOpsproject-cluster1",
            "identity": [
              {
                "identity_ids": [
                  "/subscriptions/e8f02450-f902-4480-a459-da106d4175a3/resourceGroups/DevOpsProject-rg/providers/Microsoft.ManagedIdentity/userAssignedIdentities/aks-identity"
                ],
                "principal_id": "",
                "tenant_id": "",
                "type": "UserAssigned"
              }
            ],
            "image_cleaner_enabled": false,
            "image_cleaner_interval_hours": 48,
            "ingress_application_gateway": [],
            "key_management_service": [],
            "key_vault_secrets_provider": [],
            "kube_admin_config": [],
            "kube_admin_config_raw": "",
            "kube_config": [
              {
                "client_certificate": "LS0tLS1CRUdJTiBDRVJUSUZJQ0FURS0tLS0tCk1JSUZIakNDQXdhZ0F3SUJBZ0lSQVB6ZFdLZ2dEc2V5c3JpemdvdjgwaXd3RFFZSktvWklodmNOQVFFTEJRQXcKRFRFTE1Ba0dBMVVFQXhNQ1kyRXdIaGNOTWpRd09EQXhNVGswTmpNd1doY05Nall3T0RBeE1UazFOak13V2pBdwpNUmN3RlFZRFZRUUtFdzV6ZVhOMFpXMDZiV0Z6ZEdWeWN6RVZNQk1HQTFVRUF4TU1iV0Z6ZEdWeVkyeHBaVzUwCk1JSUNJakFOQmdrcWhraUc5dzBCQVFFRkFBT0NBZzhBTUlJQ0NnS0NBZ0VBdFVQZ0hEOEorWHl2QlZwazM3TkkKRFhJOUErWXVnS3RBUGpWcUV1RXJzQ09MSmVQTFZIS2lZQTFndVJrVXFwdEhNRUlRZjFWMG8yK256Q2VJMzMzbgpjK0VrVVhuUTZzaEJpTml6MXphUDVteDZub2h4eDBDQUZWTi9kT09RSi9HdnN6TmlET1BEbysyZDRhVEthVEtNCjZWYW4vczFlSjUxMU4zZDU5RGdXY1gyb2kydnZqU3RtY2N4STF6NXliRlZXdjBSNnA4NDRqMWRIaGwrTHlMYUwKRGxLNVRyMWdkNHJPZHNnVVBUN3BJcmNVZ2dXV3FUNXk1Vno5TmpRWGlnMEZsbkxJNFROMENxWEh6eDNoVS82RQpiRENlK3pycnlNRGdFaDNyQ2RYRy94anZiQUZlTUZKb1F5NXFMZ1dTTm9NNmVGd3BFT0I1dFRHTUEwLzA2QlRqClJac29zUmE5Mk00T2RJVjZCSWs1TTlYYnNVSTdSeTVBd3JTc3NKRVIyQTExNlFVNms3SE11am1aRkxSczdMaFgKNlVyclorY3dJbktzTXlhbDZuMHE5ZVB3MXUwdFdqLzdYN1U3QjkzREVLa1R5RkVjSU5IbkpHdS81eGNZKzhYdQppTmFHWjZ2dTRDcTBHeWw5MFZ1UXM1Z09haEVtMkoxT0FCUG1PVDZhSUFFcHdNUU1pOEZpeFhlbnZCWUpNM1JQCjZqRVNYZDNOUmYyOXZGR2wwRk14S2tXZ1g4SHZUejF2Wk5DUjdlZVowTlJmZWQwS29GTU9ja3k0aWtDa2ZkOU0KVlpVbnNmWE92K29OZTBYWGY3VjRHOERjNkFQVlFONTFsSEdLQlNIa0pLL1NVL2FWZHNrWXZ0eEFhRnNua05aWAp2Z3M1UnZybUVzSGNQRGdOYm8yOVhya0NBd0VBQWFOV01GUXdEZ1lEVlIwUEFRSC9CQVFEQWdXZ01CTUdBMVVkCkpRUU1NQW9HQ0NzR0FRVUZCd01DTUF3R0ExVWRFd0VCL3dRQ01BQXdId1lEVlIwakJCZ3dGb0FVL0IxMlJZVmcKVmRqcXlGRk14cVpnT1c0VmRzc3dEUVlKS29aSWh2Y05BUUVMQlFBRGdnSUJBSEM3NFMzRkJuL3VPSTZ1ZFVENApYOXZzYzVDN1pFWUtpMzVOYVhxemhYYUZ6ODhLWW9XL0Y1ZjFZSksycUpSTnQ4REF3a0NxM2hCQVV6blBlOWNGCnJObkl4d0swamZLRHJuSzB5OFludS9aUUg4U0NvTE1xYmFPYkVDNmtGckduYVNFbmE4V1VPeldkWXA3V09uc08KNkdKYlUxbGx6bUlSdlJpb3FoOUlhQlg1Z1kvNGV1V1UrMW5NVzFxNjROa1djR3pQb3JKRysxWWZIeVJ4VzZFWQpEaXBMWmwyQmE3Z1RrcnYzeENyendpQzE2WEsrRUlsODZxdjRlUjZRK0ovZmlZRmxXWDFMYzU5YldoNHlURXVxClJYVll0aHNvR3BKOW5qWlNkYWNKeWxaN256ejg3S2pmeW5wSWhkVEtXVzRBTU1EOWdQM2dUU3ZxZWY1bTZ4WFgKRDFBTnJtdHhydTBNeEFQUHhkOUlob01JTFpjRW5NbEM0S2N4Mm0zSUxuZ2M1a2Rmb09HUEQveUJ3QWJsb1pGaQoxY1pBNk4vQ1hjTHJGNCtITUlRSmhUMDJ3UjhjS3lhWEQ2Z0dxQXpMcWRVZHJPZHJkampCMmc3bk5YRytxcnZ4ClZtVjQwc1F5UDhiQVNFa0VVRUVTWHB4eHNvRmlFT2dDZ0JxUGJsV28zRUNTZi9oMDlPaU05TGRYSVd1NGxLUzUKdFNVUTEzYTdyUUlrd25MUzFLSmpUeWw5K3pUb2ovaVAyNVBhb0JtS2pUMmtkRHJGdE5lY0dnZTdKNk9TMUY3VwpwS2t2VStsMG4rc0R3c2QrbkRCdVdMVXpOSnAvNTZiSXI1SmJMNklOemltTlBhcUh4bVJHVGVReXdBbjdCajVpCk9xSzVMMXpaY1N5L0RyRThmQzROd2RiRAotLS0tLUVORCBDRVJUSUZJQ0FURS0tLS0tCg==",
                "client_key": "LS0tLS1CRUdJTiBSU0EgUFJJVkFURSBLRVktLS0tLQpNSUlKS1FJQkFBS0NBZ0VBdFVQZ0hEOEorWHl2QlZwazM3TklEWEk5QStZdWdLdEFQalZxRXVFcnNDT0xKZVBMClZIS2lZQTFndVJrVXFwdEhNRUlRZjFWMG8yK256Q2VJMzMzbmMrRWtVWG5RNnNoQmlOaXoxemFQNW14Nm5vaHgKeDBDQUZWTi9kT09RSi9HdnN6TmlET1BEbysyZDRhVEthVEtNNlZhbi9zMWVKNTExTjNkNTlEZ1djWDJvaTJ2dgpqU3RtY2N4STF6NXliRlZXdjBSNnA4NDRqMWRIaGwrTHlMYUxEbEs1VHIxZ2Q0ck9kc2dVUFQ3cElyY1VnZ1dXCnFUNXk1Vno5TmpRWGlnMEZsbkxJNFROMENxWEh6eDNoVS82RWJEQ2UrenJyeU1EZ0VoM3JDZFhHL3hqdmJBRmUKTUZKb1F5NXFMZ1dTTm9NNmVGd3BFT0I1dFRHTUEwLzA2QlRqUlpzb3NSYTkyTTRPZElWNkJJazVNOVhic1VJNwpSeTVBd3JTc3NKRVIyQTExNlFVNms3SE11am1aRkxSczdMaFg2VXJyWitjd0luS3NNeWFsNm4wcTllUHcxdTB0CldqLzdYN1U3QjkzREVLa1R5RkVjSU5IbkpHdS81eGNZKzhYdWlOYUdaNnZ1NENxMEd5bDkwVnVRczVnT2FoRW0KMkoxT0FCUG1PVDZhSUFFcHdNUU1pOEZpeFhlbnZCWUpNM1JQNmpFU1hkM05SZjI5dkZHbDBGTXhLa1dnWDhIdgpUejF2Wk5DUjdlZVowTlJmZWQwS29GTU9ja3k0aWtDa2ZkOU1WWlVuc2ZYT3Yrb05lMFhYZjdWNEc4RGM2QVBWClFONTFsSEdLQlNIa0pLL1NVL2FWZHNrWXZ0eEFhRnNua05aWHZnczVSdnJtRXNIY1BEZ05ibzI5WHJrQ0F3RUEKQVFLQ0FnQUVjME1vVGwvblVTbFczMDVFczdrY0kyYmVGcU9qb3hDenRrb0JacWZVN2pwM1ZxMWlTR0kySzMzcApiWFUxYnhTRFdjdmY1SEExcHdNZW53WGNQdElVNVQwb0J1NmJKUWwrMjVzbXVIODE4QW5lcElqdWxHWFFvRGtyCjNINW9qS1Y4cDlGTGNiZ1c2VG1NRmFpbWhvZ3hIbUNIZi9GRTFiZlFBYzNyc2dqVEJudkIySWVNRnJtd0o0ek8KUkFrNUlhczhqT2paLzlVaHA4bm93YVhENnI5bFBhQ3hEek0wSENOUGhVQUI5TzV5WEw1VEp1SDVDOEIwWXlFUQpXSjBQVlp5Q2doVHVlbjNwMlFJYjBxYjZrZkFjVytFN1Y4bjhKc2daaWNTQWZGQWphVEJQbllUN2VMcDRrOFlsCmxSdHUzUy90VG8zdmpTTlAwSVNZZkRrT0RaMDZ5SzB5eTNUbzFJb1AyaVpHMktkbXJrQ3Y0UWdYYWIreGdjRmcKSXlwT2pQQlFqQlQ0ZktwS2QyaXU5cmQvbzFIejVSM2NMTHNzZWt3NTRzNVQ2OFRmMzlUbVlrWVNZVStubDlOUwpHTG9qay9VbHFEcEdTZFprWEQwdjNwcXYrY2VkVjU0bWx0a3lMNklEcFJ1NEhYaDZCUnM0RFFKQXNtSmtoQ2d6Cmw2UmxMNEpTMnpxWWFmTkFJZlVNUGEzaUU1NnFoa040Zm9WL0VwNVNDeXhoMEh6ZkYrZDJUbEhNZlNDMHp6QlYKSVM1ekxTNldjc0U5RmJVVzNUamIvUG82WHdSRHo5U0lycStXbEZuQm5DU2oxaG5OWXp1SzNKUXdINHgwcllOWgo1U3d2NUdFTlJvbHVkV0duRVJ6U1lZRWRKZGlyNUFIOGdsU2ZzWmNvS0N6VUVEUlZSUUtDQVFFQTJ3ZHp4Q0tMCm45UGw5WFNISG0vekpIUlNYQnhFOUpyMFYwQXNEek53OTZwL1FRZ3IyQVp4eTh6UFJIN2RjR1RyRFhlKzg0ZXAKTE1xb253UlBoUDgxaHV3Nm1sUGJWL3ptM1ZWOHZ3cHhmUlczRURkaUs1N1pHeHc0c2xnUVY0MzhMRVNJQkdWNQo3RXV1VGVaR2Y5MjR6WXhEOU5obzkvdEVQYzJqcWlLNU1hWEt4QjlCdzhTMjliTGM3Y1c5VW8vbnFZbWhETVhaClhJV0o1S0J1UUs4U2daTzgrVnhFcGR1MFV2aWZoVVJFSDNRaktPcWw4VFdaRkFDb0hsa0tQd0U3S3F1ZzFRbWYKVlZqMlFuSHo0d2F1eGhLNkFLN2NCS0dIWlVRelhBa3VpQ3g2TWw4aWxXMXA0WWdrWGY4akRUaFdMc0JCNnIrWgpqdG5RTW9iWjcwbndRd0tDQVFFQTA5eVhIT0JPczBINCtGKzBBRTQyRm9rOU5xSUtYVzNyYU9YdWkxZ3B5bVoyCmx6OHo0WnNrL3dsM3BwYW5rc3N1d1l4R1h5aGNabUswaDBkdnJXeVFYRUltWmpBYW0rK3d4WjBCQWx6dHdSNGIKMnBtUXBuNEtUTHZaRVNLRWt6SVNScno4N2czdHExenM2dmViTnovZVlLcGduLzgvcDJDWGVSQ0NneUE5VEtadAp0OGZNRFVOYWh0d3R6SEN2cGRrZ0lsZ1hCOE03bTIzZWY3cEpsMEJ5OS8wQ21YWnUxd2RlYUx2SUJJZHpvRzZvCnYwL2s2V0I1WkFueXRQU0dYSktSa2d2NXRHQmZIbS9LNEZxU09qeXZLV3N0MVhxYm4vc25uNWx4bHhDNmp6dngKRDZ5MExBTzVHQU5JM29meWZFMi9Rc3Y5aU9QTjk5aWVGanZzSHhxVFV3S0NBUUVBamR0L3dSSld1QWQzc3NmcwpFMnlTWDVQdkc3VTdlK2s0UTZKT1p2SDhRb3ZzcTJQdGNaYUs4V0lQQTkvZTc4S004a1lTS0l3K3A4SUNBQ3U4CmpQajE1Qkx2eWJCeUtjU2tpY21xWjlrTnMrUHlrdEFzQnZCMDBMZ3dpR0c5QTlmejhYL1pVRytnemNnZWRsbWsKWTRCcEJzZkg0N2FlRmE1cGZsWEhvSk9vdWwwVXZIMDZETjlGV0ZDbUFtSEZ3c2x0VTBMT1NnV0NTQWc5VFJRVApGRlhQZUprRkZjUUt1aGxYNnowWHBDcVlySDU5bnl5S21YVUxWZ2N1MjZqemwrYm1PVGE3amY4VGNTV1RLV25BCmVkT0VNc2xDS3RzVnFQSXRUUXNrOElFSjRDeGVZRzE1YXFwWW56ZWJ4ajFPcUd0S2RqRVRBRVZqNFQ5MU5xUmMKVmp6ZkhRS0NBUUEwNmJNVUV6R1VzN1ZxMHZ3eDExYks2aHZQdVVpOWJPYU9uRjZuanExaFQ1WHUwR28wdm5yTwo5NTVhak9YdFU3R3B4VThPRlJaK3U4ZzZ3U3l6TTVvYWNLc0dlcDBxdFFLQldHVVlJZjEvYmZXbTh4T2RnWDB4CkRQbDV2aFUrYmhNQ2Q5RHo0NmFvVmQwV0VpRkIrMEdmQXU1L0IxRHVqTUZJQzBlTldFLzNCTm9DUEhSS0c3aFEKVmsxWjhncnNjUDRGbGRxcXBhZ05lYk5JVTA1dDZEck9sUEpCUWNNTkVWb1M3bE5XVGo0aW80Q2h4MkowcHhPcQpXSkcxZ0J6T29neVpYVVJRT0lHSktJS1M1Z3YvWDRpZjM1VGk3R3hSMkhoYzlBWGFwT0x6UXhWQnhQQjZ6Yk04CnZCVkcvczBoSG9uV05QeHRZL2ZkSHN6YzRMcG9Ta3JoQW9JQkFRQ0xiSzlJQlMvck90VER4R1dQRjNET3R5UnIKMXh3RVpkS3F3OFV1QWdGTHlOSjFzOUNFZEw1VDBEVjZkbmFWYTdBNWgzdHdzUmI0SjNYVk1QSVN2OVhiQjYzYQp6Sm43aXlPYy8zNllwMEFDR2lwRFBWREllZzg3UjVROGVVLzNZZlQzZ1pLMkROSDRlT0VXSlVad3dFbkl4V1NZClhwdHF3NkFrbmYxMmUyTkpaZ2JvSk9FUnYzU056L3lSbllUZFIwMmtWOG5NdnVnU1VrWnJRald4a2lzNkRHQ3gKOW5zaHFaekxxcVNXajhJd2ZlR3BNYTRLR3lFcm1Hd3I2NVIvQXRoTFdnVERuMzdsK2MyRk9FZXBZU3JCYnZQbAowbHZPSWR1YUllZTVMcU9mZFpvQkl2c3VJT0NZamFEeEFLc3E5cTFySDFXNTBPOS93VjNKM0VBNVNmcnoKLS0tLS1FTkQgUlNBIFBSSVZBVEUgS0VZLS0tLS0K",
                "cluster_ca_certificate": "LS0tLS1CRUdJTiBDRVJUSUZJQ0FURS0tLS0tCk1JSUU2VENDQXRHZ0F3SUJBZ0lSQU42SjRLRUxRWVZjMGdUckp1amZCTmt3RFFZSktvWklodmNOQVFFTEJRQXcKRFRFTE1Ba0dBMVVFQXhNQ1kyRXdJQmNOTWpRd09EQXhNVGswTmpNd1doZ1BNakExTkRBNE1ERXhPVFUyTXpCYQpNQTB4Q3pBSkJnTlZCQU1UQW1OaE1JSUNJakFOQmdrcWhraUc5dzBCQVFFRkFBT0NBZzhBTUlJQ0NnS0NBZ0VBCndIOEtBdzhzVEdKbU80bElnYUZZdmZrMkJ3aFhOSnVHN1lWTHNhZVc4eUxVajYxSUFyU3NHVVhQOVBRSXRNUksKTjNDSXlEMml6ZXZDdFJoNjdnaEhsNGlPY2FLNkNxcGp0Y1MvSDZVZ2ZPekEzSEZvM0RXTklCc21OZk5wcTNxdgpTU0RKNjNOdFV5SkYvc3RVUWRBSXVkb0c2RUlPU0hXNjVzcmNmbmVPWms2UmZUTERPWW1EWW41NU1reko2NkI4CnVWOXhwUkhVWEVFRktob0xHS1RGczdLWDUzaUNrRmorNjUwZnhTOUprWHo3U2xGc1E0ZGxGOEpxUlhOQ3pya0sKU0dXRjZ5L2hmQ1d4YkhZbSs5YWdaZzNkaUZnQ0FiS3hoYUFFM2EyWmVXcXJvMGtZNCtIaEpROUZLZG9RVWZUMwo2RTVuVlZ1eUp4TlEvWXFyL1ErQnArcWtGcWhJU1IxcnllVmVGMXAvY2hkS0dKK3lDQ2NKdlRLTWRqREJpTndBCnRGenI3ZEQ1SzVoNVNmdkYydE9JRXc1YzQ2WVR1c251aS9zWUI4T0tPL0pjQkpXVzVYUkxnK1J1aDdYY0ZaRTMKVURTdHVUbVNlOU5IQjB2Z1ZvdEVjRHFoVUNXQlVOVTFyQUVmTlpSWXg3QUJtREV5QXU4R0hPMElhWDJxRktRKwo4RDNweWVJS3FYbm1WZzc4elNzNlMwN2NsTEVxS1V5U3dFcjY1R1VIbzU0SjZ3TGNjS041ZFZ1YnR6MkVTa0RQClhwQnM0RUpCeXR2bkJ5dUltdHFxbWYrLzE2WFdyWDRWS0w2SW02K2dSNmNmcmF0WXY3MS81QVZCZ09nQ0NtbUEKaVJiL0tSZ1c4dWwwbXJUekdGaW9DWUJ3bGdwTDV5TEVMNzkydUNROEp4TUNBd0VBQWFOQ01FQXdEZ1lEVlIwUApBUUgvQkFRREFnS2tNQThHQTFVZEV3RUIvd1FGTUFNQkFmOHdIUVlEVlIwT0JCWUVGUHdkZGtXRllGWFk2c2hSClRNYW1ZRGx1RlhiTE1BMEdDU3FHU0liM0RRRUJDd1VBQTRJQ0FRQWptNitPYjVWNTRHa2RRS2dObEpXOTNWWFoKc1dPNjhrSkMxb09qMGpudTF6VU51WWhMVUNING1QY0o2eEZmcFNPMGMxMEVLRWJTYklXS1JNZ3NNamxuT2NvaApGdFIwUWlkT1g3OEVQYnVabTBiUHZPcTcxd3JEanRXR1g1S2loQk5HZkNyQ3FOYmxQK3l4OGt1TmxUNkdGT3lSClE1bWM3WmI0cjRYOUpCb0I4MEwyS1d2YTlZekljWWVIZjV6N3RmOVVMYjlaVE95NU5iUm5UV0hNbHRoOHNPM24KZS82Q0w4T0F4VmRGVFJOVUtZbGZjTDRZTFdSTCtjQTVZc2lhVDQyZ1BrQ3E4YzQyV3IwS29kbU1LUjNCUzY5TAo4V3l3T21hNFk4bGIyTGJTSTQvN0FJa1NiZGRxbFlMS2paTS9XK0pKaTFCRDh5bk81dTdRKzV0Q3BmQkdiSmozCkhoMkVQakFWZDZaMXM5MUttU200OFV4elJIb3k0UTFGZzIxdHM2RzhQU1lSZ2Vwc0IxTmRIVDZmS05IdzlGbTMKOE9hU3RrWHhlL0FCY1hRWUgxRnhNeUZpNUNYb2wySHZTNUhGTm9OTmtoRnZKSDU1REJlYitJRFMvOWxCUnVyVwo5UE56T1dBNEgvMWZBSGUrcG9wL1VialVoWEZTOFdGODZyRlJFUGJCMENCVGczSGhhOWg5eVFFZVBzMVFieDgwCnRoRFZySjVMUWorN28zTkQ4eU0zQkNPcmJ2R2lPYlJhVkQvdEUrN0Z4M0FSOU5OZWRWVnJuZzdKUkk1MWg1eWQKQmsvQlZEdWhCZ3FmZkRFNWN3b1E4ZXBzUEM4VkVEY3VoSi9HZ3NoekFUNjdiMVQ3OEwwVVgveHM1TDNvNDJKRQpWUDIrQzJBZ1NveWRCZ1k2Nnc9PQotLS0tLUVORCBDRVJUSUZJQ0FURS0tLS0tCg==",
                "host": "https://devopsproject-tqko65m0.hcp.canadacentral.azmk8s.io:443",
                "password": "nocvv7jzhty35369hmm9mr455tb9pzmxdw4coe6dwsi235eg32otmlb7hzp0nln7gfwrdlg3qbsxrtf4ns00h6q52ckybeb9q3rjjkd5jcucf6fq4kszdvycd2f4bgch",
                "username": "clusterUser_DevOpsProject-rg_DevOpsproject-cluster1"
              }
            ],
            "kube_config_raw": "apiVersion: v1\nclusters:\n- cluster:\n    certificate-authority-data: LS0tLS1CRUdJTiBDRVJUSUZJQ0FURS0tLS0tCk1JSUU2VENDQXRHZ0F3SUJBZ0lSQU42SjRLRUxRWVZjMGdUckp1amZCTmt3RFFZSktvWklodmNOQVFFTEJRQXcKRFRFTE1Ba0dBMVVFQXhNQ1kyRXdJQmNOTWpRd09EQXhNVGswTmpNd1doZ1BNakExTkRBNE1ERXhPVFUyTXpCYQpNQTB4Q3pBSkJnTlZCQU1UQW1OaE1JSUNJakFOQmdrcWhraUc5dzBCQVFFRkFBT0NBZzhBTUlJQ0NnS0NBZ0VBCndIOEtBdzhzVEdKbU80bElnYUZZdmZrMkJ3aFhOSnVHN1lWTHNhZVc4eUxVajYxSUFyU3NHVVhQOVBRSXRNUksKTjNDSXlEMml6ZXZDdFJoNjdnaEhsNGlPY2FLNkNxcGp0Y1MvSDZVZ2ZPekEzSEZvM0RXTklCc21OZk5wcTNxdgpTU0RKNjNOdFV5SkYvc3RVUWRBSXVkb0c2RUlPU0hXNjVzcmNmbmVPWms2UmZUTERPWW1EWW41NU1reko2NkI4CnVWOXhwUkhVWEVFRktob0xHS1RGczdLWDUzaUNrRmorNjUwZnhTOUprWHo3U2xGc1E0ZGxGOEpxUlhOQ3pya0sKU0dXRjZ5L2hmQ1d4YkhZbSs5YWdaZzNkaUZnQ0FiS3hoYUFFM2EyWmVXcXJvMGtZNCtIaEpROUZLZG9RVWZUMwo2RTVuVlZ1eUp4TlEvWXFyL1ErQnArcWtGcWhJU1IxcnllVmVGMXAvY2hkS0dKK3lDQ2NKdlRLTWRqREJpTndBCnRGenI3ZEQ1SzVoNVNmdkYydE9JRXc1YzQ2WVR1c251aS9zWUI4T0tPL0pjQkpXVzVYUkxnK1J1aDdYY0ZaRTMKVURTdHVUbVNlOU5IQjB2Z1ZvdEVjRHFoVUNXQlVOVTFyQUVmTlpSWXg3QUJtREV5QXU4R0hPMElhWDJxRktRKwo4RDNweWVJS3FYbm1WZzc4elNzNlMwN2NsTEVxS1V5U3dFcjY1R1VIbzU0SjZ3TGNjS041ZFZ1YnR6MkVTa0RQClhwQnM0RUpCeXR2bkJ5dUltdHFxbWYrLzE2WFdyWDRWS0w2SW02K2dSNmNmcmF0WXY3MS81QVZCZ09nQ0NtbUEKaVJiL0tSZ1c4dWwwbXJUekdGaW9DWUJ3bGdwTDV5TEVMNzkydUNROEp4TUNBd0VBQWFOQ01FQXdEZ1lEVlIwUApBUUgvQkFRREFnS2tNQThHQTFVZEV3RUIvd1FGTUFNQkFmOHdIUVlEVlIwT0JCWUVGUHdkZGtXRllGWFk2c2hSClRNYW1ZRGx1RlhiTE1BMEdDU3FHU0liM0RRRUJDd1VBQTRJQ0FRQWptNitPYjVWNTRHa2RRS2dObEpXOTNWWFoKc1dPNjhrSkMxb09qMGpudTF6VU51WWhMVUNING1QY0o2eEZmcFNPMGMxMEVLRWJTYklXS1JNZ3NNamxuT2NvaApGdFIwUWlkT1g3OEVQYnVabTBiUHZPcTcxd3JEanRXR1g1S2loQk5HZkNyQ3FOYmxQK3l4OGt1TmxUNkdGT3lSClE1bWM3WmI0cjRYOUpCb0I4MEwyS1d2YTlZekljWWVIZjV6N3RmOVVMYjlaVE95NU5iUm5UV0hNbHRoOHNPM24KZS82Q0w4T0F4VmRGVFJOVUtZbGZjTDRZTFdSTCtjQTVZc2lhVDQyZ1BrQ3E4YzQyV3IwS29kbU1LUjNCUzY5TAo4V3l3T21hNFk4bGIyTGJTSTQvN0FJa1NiZGRxbFlMS2paTS9XK0pKaTFCRDh5bk81dTdRKzV0Q3BmQkdiSmozCkhoMkVQakFWZDZaMXM5MUttU200OFV4elJIb3k0UTFGZzIxdHM2RzhQU1lSZ2Vwc0IxTmRIVDZmS05IdzlGbTMKOE9hU3RrWHhlL0FCY1hRWUgxRnhNeUZpNUNYb2wySHZTNUhGTm9OTmtoRnZKSDU1REJlYitJRFMvOWxCUnVyVwo5UE56T1dBNEgvMWZBSGUrcG9wL1VialVoWEZTOFdGODZyRlJFUGJCMENCVGczSGhhOWg5eVFFZVBzMVFieDgwCnRoRFZySjVMUWorN28zTkQ4eU0zQkNPcmJ2R2lPYlJhVkQvdEUrN0Z4M0FSOU5OZWRWVnJuZzdKUkk1MWg1eWQKQmsvQlZEdWhCZ3FmZkRFNWN3b1E4ZXBzUEM4VkVEY3VoSi9HZ3NoekFUNjdiMVQ3OEwwVVgveHM1TDNvNDJKRQpWUDIrQzJBZ1NveWRCZ1k2Nnc9PQotLS0tLUVORCBDRVJUSUZJQ0FURS0tLS0tCg==\n    server: https://devopsproject-tqko65m0.hcp.canadacentral.azmk8s.io:443\n  name: DevOpsproject-cluster1\ncontexts:\n- context:\n    cluster: DevOpsproject-cluster1\n    user: clusterUser_DevOpsProject-rg_DevOpsproject-cluster1\n  name: DevOpsproject-cluster1\ncurrent-context: DevOpsproject-cluster1\nkind: Config\npreferences: {}\nusers:\n- name: clusterUser_DevOpsProject-rg_DevOpsproject-cluster1\n  user:\n    client-certificate-data: LS0tLS1CRUdJTiBDRVJUSUZJQ0FURS0tLS0tCk1JSUZIakNDQXdhZ0F3SUJBZ0lSQVB6ZFdLZ2dEc2V5c3JpemdvdjgwaXd3RFFZSktvWklodmNOQVFFTEJRQXcKRFRFTE1Ba0dBMVVFQXhNQ1kyRXdIaGNOTWpRd09EQXhNVGswTmpNd1doY05Nall3T0RBeE1UazFOak13V2pBdwpNUmN3RlFZRFZRUUtFdzV6ZVhOMFpXMDZiV0Z6ZEdWeWN6RVZNQk1HQTFVRUF4TU1iV0Z6ZEdWeVkyeHBaVzUwCk1JSUNJakFOQmdrcWhraUc5dzBCQVFFRkFBT0NBZzhBTUlJQ0NnS0NBZ0VBdFVQZ0hEOEorWHl2QlZwazM3TkkKRFhJOUErWXVnS3RBUGpWcUV1RXJzQ09MSmVQTFZIS2lZQTFndVJrVXFwdEhNRUlRZjFWMG8yK256Q2VJMzMzbgpjK0VrVVhuUTZzaEJpTml6MXphUDVteDZub2h4eDBDQUZWTi9kT09RSi9HdnN6TmlET1BEbysyZDRhVEthVEtNCjZWYW4vczFlSjUxMU4zZDU5RGdXY1gyb2kydnZqU3RtY2N4STF6NXliRlZXdjBSNnA4NDRqMWRIaGwrTHlMYUwKRGxLNVRyMWdkNHJPZHNnVVBUN3BJcmNVZ2dXV3FUNXk1Vno5TmpRWGlnMEZsbkxJNFROMENxWEh6eDNoVS82RQpiRENlK3pycnlNRGdFaDNyQ2RYRy94anZiQUZlTUZKb1F5NXFMZ1dTTm9NNmVGd3BFT0I1dFRHTUEwLzA2QlRqClJac29zUmE5Mk00T2RJVjZCSWs1TTlYYnNVSTdSeTVBd3JTc3NKRVIyQTExNlFVNms3SE11am1aRkxSczdMaFgKNlVyclorY3dJbktzTXlhbDZuMHE5ZVB3MXUwdFdqLzdYN1U3QjkzREVLa1R5RkVjSU5IbkpHdS81eGNZKzhYdQppTmFHWjZ2dTRDcTBHeWw5MFZ1UXM1Z09haEVtMkoxT0FCUG1PVDZhSUFFcHdNUU1pOEZpeFhlbnZCWUpNM1JQCjZqRVNYZDNOUmYyOXZGR2wwRk14S2tXZ1g4SHZUejF2Wk5DUjdlZVowTlJmZWQwS29GTU9ja3k0aWtDa2ZkOU0KVlpVbnNmWE92K29OZTBYWGY3VjRHOERjNkFQVlFONTFsSEdLQlNIa0pLL1NVL2FWZHNrWXZ0eEFhRnNua05aWAp2Z3M1UnZybUVzSGNQRGdOYm8yOVhya0NBd0VBQWFOV01GUXdEZ1lEVlIwUEFRSC9CQVFEQWdXZ01CTUdBMVVkCkpRUU1NQW9HQ0NzR0FRVUZCd01DTUF3R0ExVWRFd0VCL3dRQ01BQXdId1lEVlIwakJCZ3dGb0FVL0IxMlJZVmcKVmRqcXlGRk14cVpnT1c0VmRzc3dEUVlKS29aSWh2Y05BUUVMQlFBRGdnSUJBSEM3NFMzRkJuL3VPSTZ1ZFVENApYOXZzYzVDN1pFWUtpMzVOYVhxemhYYUZ6ODhLWW9XL0Y1ZjFZSksycUpSTnQ4REF3a0NxM2hCQVV6blBlOWNGCnJObkl4d0swamZLRHJuSzB5OFludS9aUUg4U0NvTE1xYmFPYkVDNmtGckduYVNFbmE4V1VPeldkWXA3V09uc08KNkdKYlUxbGx6bUlSdlJpb3FoOUlhQlg1Z1kvNGV1V1UrMW5NVzFxNjROa1djR3pQb3JKRysxWWZIeVJ4VzZFWQpEaXBMWmwyQmE3Z1RrcnYzeENyendpQzE2WEsrRUlsODZxdjRlUjZRK0ovZmlZRmxXWDFMYzU5YldoNHlURXVxClJYVll0aHNvR3BKOW5qWlNkYWNKeWxaN256ejg3S2pmeW5wSWhkVEtXVzRBTU1EOWdQM2dUU3ZxZWY1bTZ4WFgKRDFBTnJtdHhydTBNeEFQUHhkOUlob01JTFpjRW5NbEM0S2N4Mm0zSUxuZ2M1a2Rmb09HUEQveUJ3QWJsb1pGaQoxY1pBNk4vQ1hjTHJGNCtITUlRSmhUMDJ3UjhjS3lhWEQ2Z0dxQXpMcWRVZHJPZHJkampCMmc3bk5YRytxcnZ4ClZtVjQwc1F5UDhiQVNFa0VVRUVTWHB4eHNvRmlFT2dDZ0JxUGJsV28zRUNTZi9oMDlPaU05TGRYSVd1NGxLUzUKdFNVUTEzYTdyUUlrd25MUzFLSmpUeWw5K3pUb2ovaVAyNVBhb0JtS2pUMmtkRHJGdE5lY0dnZTdKNk9TMUY3VwpwS2t2VStsMG4rc0R3c2QrbkRCdVdMVXpOSnAvNTZiSXI1SmJMNklOemltTlBhcUh4bVJHVGVReXdBbjdCajVpCk9xSzVMMXpaY1N5L0RyRThmQzROd2RiRAotLS0tLUVORCBDRVJUSUZJQ0FURS0tLS0tCg==\n    client-key-data: LS0tLS1CRUdJTiBSU0EgUFJJVkFURSBLRVktLS0tLQpNSUlKS1FJQkFBS0NBZ0VBdFVQZ0hEOEorWHl2QlZwazM3TklEWEk5QStZdWdLdEFQalZxRXVFcnNDT0xKZVBMClZIS2lZQTFndVJrVXFwdEhNRUlRZjFWMG8yK256Q2VJMzMzbmMrRWtVWG5RNnNoQmlOaXoxemFQNW14Nm5vaHgKeDBDQUZWTi9kT09RSi9HdnN6TmlET1BEbysyZDRhVEthVEtNNlZhbi9zMWVKNTExTjNkNTlEZ1djWDJvaTJ2dgpqU3RtY2N4STF6NXliRlZXdjBSNnA4NDRqMWRIaGwrTHlMYUxEbEs1VHIxZ2Q0ck9kc2dVUFQ3cElyY1VnZ1dXCnFUNXk1Vno5TmpRWGlnMEZsbkxJNFROMENxWEh6eDNoVS82RWJEQ2UrenJyeU1EZ0VoM3JDZFhHL3hqdmJBRmUKTUZKb1F5NXFMZ1dTTm9NNmVGd3BFT0I1dFRHTUEwLzA2QlRqUlpzb3NSYTkyTTRPZElWNkJJazVNOVhic1VJNwpSeTVBd3JTc3NKRVIyQTExNlFVNms3SE11am1aRkxSczdMaFg2VXJyWitjd0luS3NNeWFsNm4wcTllUHcxdTB0CldqLzdYN1U3QjkzREVLa1R5RkVjSU5IbkpHdS81eGNZKzhYdWlOYUdaNnZ1NENxMEd5bDkwVnVRczVnT2FoRW0KMkoxT0FCUG1PVDZhSUFFcHdNUU1pOEZpeFhlbnZCWUpNM1JQNmpFU1hkM05SZjI5dkZHbDBGTXhLa1dnWDhIdgpUejF2Wk5DUjdlZVowTlJmZWQwS29GTU9ja3k0aWtDa2ZkOU1WWlVuc2ZYT3Yrb05lMFhYZjdWNEc4RGM2QVBWClFONTFsSEdLQlNIa0pLL1NVL2FWZHNrWXZ0eEFhRnNua05aWHZnczVSdnJtRXNIY1BEZ05ibzI5WHJrQ0F3RUEKQVFLQ0FnQUVjME1vVGwvblVTbFczMDVFczdrY0kyYmVGcU9qb3hDenRrb0JacWZVN2pwM1ZxMWlTR0kySzMzcApiWFUxYnhTRFdjdmY1SEExcHdNZW53WGNQdElVNVQwb0J1NmJKUWwrMjVzbXVIODE4QW5lcElqdWxHWFFvRGtyCjNINW9qS1Y4cDlGTGNiZ1c2VG1NRmFpbWhvZ3hIbUNIZi9GRTFiZlFBYzNyc2dqVEJudkIySWVNRnJtd0o0ek8KUkFrNUlhczhqT2paLzlVaHA4bm93YVhENnI5bFBhQ3hEek0wSENOUGhVQUI5TzV5WEw1VEp1SDVDOEIwWXlFUQpXSjBQVlp5Q2doVHVlbjNwMlFJYjBxYjZrZkFjVytFN1Y4bjhKc2daaWNTQWZGQWphVEJQbllUN2VMcDRrOFlsCmxSdHUzUy90VG8zdmpTTlAwSVNZZkRrT0RaMDZ5SzB5eTNUbzFJb1AyaVpHMktkbXJrQ3Y0UWdYYWIreGdjRmcKSXlwT2pQQlFqQlQ0ZktwS2QyaXU5cmQvbzFIejVSM2NMTHNzZWt3NTRzNVQ2OFRmMzlUbVlrWVNZVStubDlOUwpHTG9qay9VbHFEcEdTZFprWEQwdjNwcXYrY2VkVjU0bWx0a3lMNklEcFJ1NEhYaDZCUnM0RFFKQXNtSmtoQ2d6Cmw2UmxMNEpTMnpxWWFmTkFJZlVNUGEzaUU1NnFoa040Zm9WL0VwNVNDeXhoMEh6ZkYrZDJUbEhNZlNDMHp6QlYKSVM1ekxTNldjc0U5RmJVVzNUamIvUG82WHdSRHo5U0lycStXbEZuQm5DU2oxaG5OWXp1SzNKUXdINHgwcllOWgo1U3d2NUdFTlJvbHVkV0duRVJ6U1lZRWRKZGlyNUFIOGdsU2ZzWmNvS0N6VUVEUlZSUUtDQVFFQTJ3ZHp4Q0tMCm45UGw5WFNISG0vekpIUlNYQnhFOUpyMFYwQXNEek53OTZwL1FRZ3IyQVp4eTh6UFJIN2RjR1RyRFhlKzg0ZXAKTE1xb253UlBoUDgxaHV3Nm1sUGJWL3ptM1ZWOHZ3cHhmUlczRURkaUs1N1pHeHc0c2xnUVY0MzhMRVNJQkdWNQo3RXV1VGVaR2Y5MjR6WXhEOU5obzkvdEVQYzJqcWlLNU1hWEt4QjlCdzhTMjliTGM3Y1c5VW8vbnFZbWhETVhaClhJV0o1S0J1UUs4U2daTzgrVnhFcGR1MFV2aWZoVVJFSDNRaktPcWw4VFdaRkFDb0hsa0tQd0U3S3F1ZzFRbWYKVlZqMlFuSHo0d2F1eGhLNkFLN2NCS0dIWlVRelhBa3VpQ3g2TWw4aWxXMXA0WWdrWGY4akRUaFdMc0JCNnIrWgpqdG5RTW9iWjcwbndRd0tDQVFFQTA5eVhIT0JPczBINCtGKzBBRTQyRm9rOU5xSUtYVzNyYU9YdWkxZ3B5bVoyCmx6OHo0WnNrL3dsM3BwYW5rc3N1d1l4R1h5aGNabUswaDBkdnJXeVFYRUltWmpBYW0rK3d4WjBCQWx6dHdSNGIKMnBtUXBuNEtUTHZaRVNLRWt6SVNScno4N2czdHExenM2dmViTnovZVlLcGduLzgvcDJDWGVSQ0NneUE5VEtadAp0OGZNRFVOYWh0d3R6SEN2cGRrZ0lsZ1hCOE03bTIzZWY3cEpsMEJ5OS8wQ21YWnUxd2RlYUx2SUJJZHpvRzZvCnYwL2s2V0I1WkFueXRQU0dYSktSa2d2NXRHQmZIbS9LNEZxU09qeXZLV3N0MVhxYm4vc25uNWx4bHhDNmp6dngKRDZ5MExBTzVHQU5JM29meWZFMi9Rc3Y5aU9QTjk5aWVGanZzSHhxVFV3S0NBUUVBamR0L3dSSld1QWQzc3NmcwpFMnlTWDVQdkc3VTdlK2s0UTZKT1p2SDhRb3ZzcTJQdGNaYUs4V0lQQTkvZTc4S004a1lTS0l3K3A4SUNBQ3U4CmpQajE1Qkx2eWJCeUtjU2tpY21xWjlrTnMrUHlrdEFzQnZCMDBMZ3dpR0c5QTlmejhYL1pVRytnemNnZWRsbWsKWTRCcEJzZkg0N2FlRmE1cGZsWEhvSk9vdWwwVXZIMDZETjlGV0ZDbUFtSEZ3c2x0VTBMT1NnV0NTQWc5VFJRVApGRlhQZUprRkZjUUt1aGxYNnowWHBDcVlySDU5bnl5S21YVUxWZ2N1MjZqemwrYm1PVGE3amY4VGNTV1RLV25BCmVkT0VNc2xDS3RzVnFQSXRUUXNrOElFSjRDeGVZRzE1YXFwWW56ZWJ4ajFPcUd0S2RqRVRBRVZqNFQ5MU5xUmMKVmp6ZkhRS0NBUUEwNmJNVUV6R1VzN1ZxMHZ3eDExYks2aHZQdVVpOWJPYU9uRjZuanExaFQ1WHUwR28wdm5yTwo5NTVhak9YdFU3R3B4VThPRlJaK3U4ZzZ3U3l6TTVvYWNLc0dlcDBxdFFLQldHVVlJZjEvYmZXbTh4T2RnWDB4CkRQbDV2aFUrYmhNQ2Q5RHo0NmFvVmQwV0VpRkIrMEdmQXU1L0IxRHVqTUZJQzBlTldFLzNCTm9DUEhSS0c3aFEKVmsxWjhncnNjUDRGbGRxcXBhZ05lYk5JVTA1dDZEck9sUEpCUWNNTkVWb1M3bE5XVGo0aW80Q2h4MkowcHhPcQpXSkcxZ0J6T29neVpYVVJRT0lHSktJS1M1Z3YvWDRpZjM1VGk3R3hSMkhoYzlBWGFwT0x6UXhWQnhQQjZ6Yk04CnZCVkcvczBoSG9uV05QeHRZL2ZkSHN6YzRMcG9Ta3JoQW9JQkFRQ0xiSzlJQlMvck90VER4R1dQRjNET3R5UnIKMXh3RVpkS3F3OFV1QWdGTHlOSjFzOUNFZEw1VDBEVjZkbmFWYTdBNWgzdHdzUmI0SjNYVk1QSVN2OVhiQjYzYQp6Sm43aXlPYy8zNllwMEFDR2lwRFBWREllZzg3UjVROGVVLzNZZlQzZ1pLMkROSDRlT0VXSlVad3dFbkl4V1NZClhwdHF3NkFrbmYxMmUyTkpaZ2JvSk9FUnYzU056L3lSbllUZFIwMmtWOG5NdnVnU1VrWnJRald4a2lzNkRHQ3gKOW5zaHFaekxxcVNXajhJd2ZlR3BNYTRLR3lFcm1Hd3I2NVIvQXRoTFdnVERuMzdsK2MyRk9FZXBZU3JCYnZQbAowbHZPSWR1YUllZTVMcU9mZFpvQkl2c3VJT0NZamFEeEFLc3E5cTFySDFXNTBPOS93VjNKM0VBNVNmcnoKLS0tLS1FTkQgUlNBIFBSSVZBVEUgS0VZLS0tLS0K\n    token: nocvv7jzhty35369hmm9mr455tb9pzmxdw4coe6dwsi235eg32otmlb7hzp0nln7gfwrdlg3qbsxrtf4ns00h6q52ckybeb9q3rjjkd5jcucf6fq4kszdvycd2f4bgch\n",
            "kubelet_identity": [
              {
                "client_id": "711cfd39-ef3f-409d-acf8-9a6a37f8eb79",
                "object_id": "1498261c-9063-4e3b-afed-e903d773b937",
                "user_assigned_identity_id": "/subscriptions/e8f02450-f902-4480-a459-da106d4175a3/resourceGroups/MC_DevOpsProject-rg_DevOpsproject-cluster1_canadacentral/providers/Microsoft.ManagedIdentity/userAssignedIdentities/DevOpsproject-cluster1-agentpool"
              }
            ],
            "kubernetes_version": "1.29.2",
            "linux_profile": [],
            "local_account_disabled": false,
            "location": "canadacentral",
            "maintenance_window": [],
            "maintenance_window_auto_upgrade": [],
            "maintenance_window_node_os": [],
            "microsoft_defender": [],
            "monitor_metrics": [],
            "name": "DevOpsproject-cluster1",
            "network_profile": [
              {
                "dns_service_ip": "10.1.0.10",
                "docker_bridge_cidr": "172.17.0.1/16",
                "ebpf_data_plane": "",
                "ip_versions": [
                  "IPv4"
                ],
                "load_balancer_profile": [
                  {
                    "effective_outbound_ips": [
                      "/subscriptions/e8f02450-f902-4480-a459-da106d4175a3/resourceGroups/MC_DevOpsProject-rg_DevOpsproject-cluster1_canadacentral/providers/Microsoft.Network/publicIPAddresses/e33571b5-8c04-4acb-a2ef-c35d4accc902"
                    ],
                    "idle_timeout_in_minutes": 0,
                    "managed_outbound_ip_count": 1,
                    "managed_outbound_ipv6_count": 0,
                    "outbound_ip_address_ids": [],
                    "outbound_ip_prefix_ids": [],
                    "outbound_ports_allocated": 0
                  }
                ],
                "load_balancer_sku": "standard",
                "nat_gateway_profile": [],
                "network_data_plane": "azure",
                "network_mode": "",
                "network_plugin": "azure",
                "network_plugin_mode": "",
                "network_policy": "",
                "outbound_ip_address_ids": [],
                "outbound_ip_prefix_ids": [],
                "outbound_type": "loadBalancer",
                "pod_cidr": "",
                "pod_cidrs": [],
                "service_cidr": "10.1.0.0/16",
                "service_cidrs": [
                  "10.1.0.0/16"
                ]
              }
            ],
            "node_os_channel_upgrade": null,
            "node_resource_group": "MC_DevOpsProject-rg_DevOpsproject-cluster1_canadacentral",
            "node_resource_group_id": "/subscriptions/e8f02450-f902-4480-a459-da106d4175a3/resourceGroups/MC_DevOpsProject-rg_DevOpsproject-cluster1_canadacentral",
            "oidc_issuer_enabled": false,
            "oidc_issuer_url": "",
            "oms_agent": [],
            "open_service_mesh_enabled": null,
            "portal_fqdn": "devopsproject-tqko65m0.portal.hcp.canadacentral.azmk8s.io",
            "private_cluster_enabled": false,
            "private_cluster_public_fqdn_enabled": false,
            "private_dns_zone_id": null,
            "private_fqdn": "",
            "public_network_access_enabled": true,
            "resource_group_name": "DevOpsProject-rg",
            "role_based_access_control_enabled": true,
            "run_command_enabled": true,
            "service_mesh_profile": [],
            "service_principal": [],
            "sku_tier": "Free",
            "storage_profile": [],
            "support_plan": "KubernetesOfficial",
            "tags": {
              "Environment": "Development"
            },
            "timeouts": null,
            "web_app_routing": [],
            "windows_profile": [
              {
                "admin_password": "",
                "admin_username": "azureuser",
                "gmsa": [],
                "license": ""
              }
            ],
            "workload_autoscaler_profile": [],
            "workload_identity_enabled": false
          },
          "sensitive_attributes": [],
          "private": "eyJlMmJmYjczMC1lY2FhLTExZTYtOGY4OC0zNDM2M2JjN2M0YzAiOnsiY3JlYXRlIjo1NDAwMDAwMDAwMDAwLCJkZWxldGUiOjU0MDAwMDAwMDAwMDAsInJlYWQiOjMwMDAwMDAwMDAwMCwidXBkYXRlIjo1NDAwMDAwMDAwMDAwfSwic2NoZW1hX3ZlcnNpb24iOiIyIn0=",
          "dependencies": [
            "azurerm_resource_group.rg",
            "azurerm_subnet.aks_subnet",
            "azurerm_user_assigned_identity.aks_identity"
          ]
        }
      ]
    },
    {
      "mode": "managed",
      "type": "azurerm_linux_virtual_machine",
      "name": "vm",
      "provider": "provider[\"registry.terraform.io/hashicorp/azurerm\"]",
      "instances": [
        {
          "schema_version": 0,
          "attributes": {
            "additional_capabilities": [],
            "admin_password": null,
            "admin_ssh_key": [
              {
                "public_key": "ssh-rsa AAAAB3NzaC1yc2EAAAADAQABAAABAQC1wkF2R26Mzz1SM8hke0sYm7WXJGdo4QsGpZwB2zS3I3Xxdp3P71D7yx824sH1WIN1Kb3BSwgv82JkVy9jyoYd/IxgjeKeRIRqaJaT7ONQ4+FkMqraQz9rAqngYoutgOPVHzN2y+NRdPh2UqJavbdBKp1hYmwXeNbdr1C9zE+jkZrZ7KvHVxzHFrCfig2688riJYZuXis31V34MgsvX0gtNgVAHWPLlVnyq0Yj3j1iTtaPMT3T2rEUGWFwyffJjsoAfrfDhCiGikaUiDJXZnENhaldr76SNiaKZK0jSF6D+I6foMUCUEll02sH02nDjmcuuw4Jj458utcvrUi3tT5h",
                "username": "azureuser"
              }
            ],
            "admin_username": "azureuser",
            "allow_extension_operations": true,
            "availability_set_id": "",
            "boot_diagnostics": [],
            "bypass_platform_safety_checks_on_user_schedule_enabled": false,
            "capacity_reservation_group_id": "",
            "computer_name": "github-runner-vm-second",
            "custom_data": null,
            "dedicated_host_group_id": "",
            "dedicated_host_id": "",
            "disable_password_authentication": true,
            "disk_controller_type": "SCSI",
            "edge_zone": "",
            "encryption_at_host_enabled": false,
            "eviction_policy": "",
            "extensions_time_budget": "PT1H30M",
            "gallery_application": [],
            "id": "/subscriptions/e8f02450-f902-4480-a459-da106d4175a3/resourceGroups/DevOpsProject-rg/providers/Microsoft.Compute/virtualMachines/github-runner-vm-second",
            "identity": [
              {
                "identity_ids": [
                  "/subscriptions/e8f02450-f902-4480-a459-da106d4175a3/resourceGroups/DevOpsProject-rg/providers/Microsoft.ManagedIdentity/userAssignedIdentities/VM-identity"
                ],
                "principal_id": "",
                "tenant_id": "",
                "type": "UserAssigned"
              }
            ],
            "license_type": "",
            "location": "canadacentral",
            "max_bid_price": -1,
            "name": "github-runner-vm-second",
            "network_interface_ids": [
              "/subscriptions/e8f02450-f902-4480-a459-da106d4175a3/resourceGroups/DevOpsProject-rg/providers/Microsoft.Network/networkInterfaces/nic"
            ],
            "os_disk": [
              {
                "caching": "ReadWrite",
                "diff_disk_settings": [],
                "disk_encryption_set_id": "",
                "disk_size_gb": 30,
                "name": "github-runner-vm-second_OsDisk_1_7303da9af0fa48a1adac22ee2448d51c",
                "secure_vm_disk_encryption_set_id": "",
                "security_encryption_type": "",
                "storage_account_type": "Standard_LRS",
                "write_accelerator_enabled": false
              }
            ],
            "os_image_notification": [],
            "patch_assessment_mode": "ImageDefault",
            "patch_mode": "ImageDefault",
            "plan": [],
            "platform_fault_domain": -1,
            "priority": "Regular",
            "private_ip_address": "10.0.1.4",
            "private_ip_addresses": [
              "10.0.1.4"
            ],
            "provision_vm_agent": true,
            "proximity_placement_group_id": "",
            "public_ip_address": "4.206.119.104",
            "public_ip_addresses": [
              "4.206.119.104"
            ],
            "reboot_setting": "",
            "resource_group_name": "DevOpsProject-rg",
            "secret": [],
            "secure_boot_enabled": false,
            "size": "Standard_B1s",
            "source_image_id": "",
            "source_image_reference": [
              {
                "offer": "0001-com-ubuntu-server-focal",
                "publisher": "Canonical",
                "sku": "20_04-lts-gen2",
                "version": "latest"
              }
            ],
            "tags": {},
            "termination_notification": [],
            "timeouts": null,
            "user_data": "",
            "virtual_machine_id": "a6f74d2e-8d8b-43bb-a88e-87ad8a75f0f9",
            "virtual_machine_scale_set_id": "",
            "vm_agent_platform_updates_enabled": false,
            "vtpm_enabled": false,
            "zone": ""
          },
          "sensitive_attributes": [],
          "private": "eyJlMmJmYjczMC1lY2FhLTExZTYtOGY4OC0zNDM2M2JjN2M0YzAiOnsiY3JlYXRlIjoyNzAwMDAwMDAwMDAwLCJkZWxldGUiOjI3MDAwMDAwMDAwMDAsInJlYWQiOjMwMDAwMDAwMDAwMCwidXBkYXRlIjoyNzAwMDAwMDAwMDAwfX0=",
          "dependencies": [
            "azurerm_network_interface.nic",
            "azurerm_public_ip.public_ip",
            "azurerm_resource_group.rg",
            "azurerm_subnet.subnet",
            "azurerm_user_assigned_identity.vm_identity",
            "azurerm_virtual_network.vnet"
          ]
        }
      ]
    },
    {
      "mode": "managed",
      "type": "azurerm_network_interface",
      "name": "nic",
      "provider": "provider[\"registry.terraform.io/hashicorp/azurerm\"]",
      "instances": [
        {
          "schema_version": 0,
          "attributes": {
            "accelerated_networking_enabled": false,
            "applied_dns_servers": [],
            "auxiliary_mode": "",
            "auxiliary_sku": "",
            "dns_servers": [],
            "edge_zone": "",
            "enable_accelerated_networking": false,
            "enable_ip_forwarding": false,
            "id": "/subscriptions/e8f02450-f902-4480-a459-da106d4175a3/resourceGroups/DevOpsProject-rg/providers/Microsoft.Network/networkInterfaces/nic",
            "internal_dns_name_label": "",
            "internal_domain_name_suffix": "pvro03ji41euzdz4hrllkwvmde.ux.internal.cloudapp.net",
            "ip_configuration": [
              {
                "gateway_load_balancer_frontend_ip_configuration_id": "",
                "name": "ipconfig",
                "primary": true,
                "private_ip_address": "10.0.1.4",
                "private_ip_address_allocation": "Dynamic",
                "private_ip_address_version": "IPv4",
                "public_ip_address_id": "/subscriptions/e8f02450-f902-4480-a459-da106d4175a3/resourceGroups/DevOpsProject-rg/providers/Microsoft.Network/publicIPAddresses/publicIP",
                "subnet_id": "/subscriptions/e8f02450-f902-4480-a459-da106d4175a3/resourceGroups/DevOpsProject-rg/providers/Microsoft.Network/virtualNetworks/vnet/subnets/subnet"
              }
            ],
            "ip_forwarding_enabled": false,
            "location": "canadacentral",
            "mac_address": "00-22-48-AF-A1-ED",
            "name": "nic",
            "private_ip_address": "10.0.1.4",
            "private_ip_addresses": [
              "10.0.1.4"
            ],
            "resource_group_name": "DevOpsProject-rg",
            "tags": {},
            "timeouts": null,
            "virtual_machine_id": "/subscriptions/e8f02450-f902-4480-a459-da106d4175a3/resourceGroups/DevOpsProject-rg/providers/Microsoft.Compute/virtualMachines/github-runner-vm-second"
          },
          "sensitive_attributes": [],
          "private": "eyJlMmJmYjczMC1lY2FhLTExZTYtOGY4OC0zNDM2M2JjN2M0YzAiOnsiY3JlYXRlIjoxODAwMDAwMDAwMDAwLCJkZWxldGUiOjE4MDAwMDAwMDAwMDAsInJlYWQiOjMwMDAwMDAwMDAwMCwidXBkYXRlIjoxODAwMDAwMDAwMDAwfX0=",
          "dependencies": [
            "azurerm_public_ip.public_ip",
            "azurerm_resource_group.rg",
            "azurerm_subnet.subnet",
            "azurerm_virtual_network.vnet"
          ]
        }
      ]
    },
    {
      "mode": "managed",
      "type": "azurerm_public_ip",
      "name": "public_ip",
      "provider": "provider[\"registry.terraform.io/hashicorp/azurerm\"]",
      "instances": [
        {
          "schema_version": 0,
          "attributes": {
            "allocation_method": "Dynamic",
            "ddos_protection_mode": "VirtualNetworkInherited",
            "ddos_protection_plan_id": null,
            "domain_name_label": null,
            "edge_zone": "",
            "fqdn": null,
            "id": "/subscriptions/e8f02450-f902-4480-a459-da106d4175a3/resourceGroups/DevOpsProject-rg/providers/Microsoft.Network/publicIPAddresses/publicIP",
            "idle_timeout_in_minutes": 4,
            "ip_address": "4.206.119.104",
            "ip_tags": {},
            "ip_version": "IPv4",
            "location": "canadacentral",
            "name": "publicIP",
            "public_ip_prefix_id": null,
            "resource_group_name": "DevOpsProject-rg",
            "reverse_fqdn": null,
            "sku": "Basic",
            "sku_tier": "Regional",
            "tags": {},
            "timeouts": null,
            "zones": []
          },
          "sensitive_attributes": [],
          "private": "eyJlMmJmYjczMC1lY2FhLTExZTYtOGY4OC0zNDM2M2JjN2M0YzAiOnsiY3JlYXRlIjoxODAwMDAwMDAwMDAwLCJkZWxldGUiOjE4MDAwMDAwMDAwMDAsInJlYWQiOjMwMDAwMDAwMDAwMCwidXBkYXRlIjoxODAwMDAwMDAwMDAwfX0=",
          "dependencies": [
            "azurerm_resource_group.rg"
          ]
        }
      ]
    },
    {
      "mode": "managed",
      "type": "azurerm_resource_group",
      "name": "rg",
      "provider": "provider[\"registry.terraform.io/hashicorp/azurerm\"]",
      "instances": [
        {
          "schema_version": 0,
          "attributes": {
            "id": "/subscriptions/e8f02450-f902-4480-a459-da106d4175a3/resourceGroups/DevOpsProject-rg",
            "location": "canadacentral",
            "managed_by": "",
            "name": "DevOpsProject-rg",
            "tags": {},
            "timeouts": null
          },
          "sensitive_attributes": [],
          "private": "eyJlMmJmYjczMC1lY2FhLTExZTYtOGY4OC0zNDM2M2JjN2M0YzAiOnsiY3JlYXRlIjo1NDAwMDAwMDAwMDAwLCJkZWxldGUiOjU0MDAwMDAwMDAwMDAsInJlYWQiOjMwMDAwMDAwMDAwMCwidXBkYXRlIjo1NDAwMDAwMDAwMDAwfX0="
        }
      ]
    },
    {
      "mode": "managed",
      "type": "azurerm_role_assignment",
      "name": "acr_pull_role",
      "provider": "provider[\"registry.terraform.io/hashicorp/azurerm\"]",
      "instances": [
        {
          "schema_version": 0,
          "attributes": {
            "condition": "",
            "condition_version": "",
            "delegated_managed_identity_resource_id": "",
            "description": "",
            "id": "/subscriptions/e8f02450-f902-4480-a459-da106d4175a3/resourceGroups/DevOpsProject-rg/providers/Microsoft.Authorization/roleAssignments/67276681-3078-4046-4593-ca188cad5aec",
            "name": "67276681-3078-4046-4593-ca188cad5aec",
            "principal_id": "20fd8f6d-4709-4942-afb5-d5d857f9cf30",
            "principal_type": "ServicePrincipal",
            "role_definition_id": "/subscriptions/e8f02450-f902-4480-a459-da106d4175a3/providers/Microsoft.Authorization/roleDefinitions/7f951dda-4ed3-4680-a7ca-43fe172d538d",
            "role_definition_name": "AcrPull",
            "scope": "/subscriptions/e8f02450-f902-4480-a459-da106d4175a3/resourceGroups/DevOpsProject-rg",
            "skip_service_principal_aad_check": null,
            "timeouts": null
          },
          "sensitive_attributes": [],
          "private": "eyJlMmJmYjczMC1lY2FhLTExZTYtOGY4OC0zNDM2M2JjN2M0YzAiOnsiY3JlYXRlIjoxODAwMDAwMDAwMDAwLCJkZWxldGUiOjE4MDAwMDAwMDAwMDAsInJlYWQiOjMwMDAwMDAwMDAwMH19",
          "dependencies": [
            "azurerm_resource_group.rg",
            "azurerm_user_assigned_identity.vm_identity"
          ]
        }
      ]
    },
    {
      "mode": "managed",
      "type": "azurerm_role_assignment",
      "name": "acr_push_role",
      "provider": "provider[\"registry.terraform.io/hashicorp/azurerm\"]",
      "instances": [
        {
          "schema_version": 0,
          "attributes": {
            "condition": "",
            "condition_version": "",
            "delegated_managed_identity_resource_id": "",
            "description": "",
            "id": "/subscriptions/e8f02450-f902-4480-a459-da106d4175a3/resourceGroups/DevOpsProject-rg/providers/Microsoft.Authorization/roleAssignments/10b72c0c-72a1-a839-416b-b8038bf8bb2f",
            "name": "10b72c0c-72a1-a839-416b-b8038bf8bb2f",
            "principal_id": "20fd8f6d-4709-4942-afb5-d5d857f9cf30",
            "principal_type": "ServicePrincipal",
            "role_definition_id": "/subscriptions/e8f02450-f902-4480-a459-da106d4175a3/providers/Microsoft.Authorization/roleDefinitions/8311e382-0749-4cb8-b61a-304f252e45ec",
            "role_definition_name": "AcrPush",
            "scope": "/subscriptions/e8f02450-f902-4480-a459-da106d4175a3/resourceGroups/DevOpsProject-rg",
            "skip_service_principal_aad_check": null,
            "timeouts": null
          },
          "sensitive_attributes": [],
          "private": "eyJlMmJmYjczMC1lY2FhLTExZTYtOGY4OC0zNDM2M2JjN2M0YzAiOnsiY3JlYXRlIjoxODAwMDAwMDAwMDAwLCJkZWxldGUiOjE4MDAwMDAwMDAwMDAsInJlYWQiOjMwMDAwMDAwMDAwMH19",
          "dependencies": [
            "azurerm_resource_group.rg",
            "azurerm_user_assigned_identity.vm_identity"
          ]
        }
      ]
    },
    {
      "mode": "managed",
      "type": "azurerm_role_assignment",
      "name": "aks_acr_pull",
      "provider": "provider[\"registry.terraform.io/hashicorp/azurerm\"]",
      "instances": [
        {
          "schema_version": 0,
          "attributes": {
            "condition": "",
            "condition_version": "",
            "delegated_managed_identity_resource_id": "",
            "description": "",
            "id": "/subscriptions/e8f02450-f902-4480-a459-da106d4175a3/resourceGroups/DevOpsProject-rg/providers/Microsoft.ContainerRegistry/registries/devopsprojectlambtonregistry/providers/Microsoft.Authorization/roleAssignments/4774aea9-3331-dc6d-f57e-a82024289503",
            "name": "4774aea9-3331-dc6d-f57e-a82024289503",
            "principal_id": "57e1206f-16a3-4811-848c-b6522d236f76",
            "principal_type": "ServicePrincipal",
            "role_definition_id": "/subscriptions/e8f02450-f902-4480-a459-da106d4175a3/providers/Microsoft.Authorization/roleDefinitions/7f951dda-4ed3-4680-a7ca-43fe172d538d",
            "role_definition_name": "AcrPull",
            "scope": "/subscriptions/e8f02450-f902-4480-a459-da106d4175a3/resourceGroups/DevOpsProject-rg/providers/Microsoft.ContainerRegistry/registries/devopsprojectlambtonregistry",
            "skip_service_principal_aad_check": null,
            "timeouts": null
          },
          "sensitive_attributes": [],
          "private": "eyJlMmJmYjczMC1lY2FhLTExZTYtOGY4OC0zNDM2M2JjN2M0YzAiOnsiY3JlYXRlIjoxODAwMDAwMDAwMDAwLCJkZWxldGUiOjE4MDAwMDAwMDAwMDAsInJlYWQiOjMwMDAwMDAwMDAwMH19",
          "dependencies": [
            "azurerm_container_registry.acr",
            "azurerm_resource_group.rg",
            "azurerm_user_assigned_identity.aks_identity"
          ]
        }
      ]
    },
    {
      "mode": "managed",
      "type": "azurerm_role_assignment",
      "name": "aks_identity_contributor",
      "provider": "provider[\"registry.terraform.io/hashicorp/azurerm\"]",
      "instances": [
        {
          "schema_version": 0,
          "attributes": {
            "condition": "",
            "condition_version": "",
            "delegated_managed_identity_resource_id": "",
            "description": "",
            "id": "/subscriptions/e8f02450-f902-4480-a459-da106d4175a3/resourceGroups/DevOpsProject-rg/providers/Microsoft.Authorization/roleAssignments/fc2e8d1f-4147-b8a0-54d8-aeac398621aa",
            "name": "fc2e8d1f-4147-b8a0-54d8-aeac398621aa",
            "principal_id": "57e1206f-16a3-4811-848c-b6522d236f76",
            "principal_type": "ServicePrincipal",
            "role_definition_id": "/subscriptions/e8f02450-f902-4480-a459-da106d4175a3/providers/Microsoft.Authorization/roleDefinitions/b24988ac-6180-42a0-ab88-20f7382dd24c",
            "role_definition_name": "Contributor",
            "scope": "/subscriptions/e8f02450-f902-4480-a459-da106d4175a3/resourceGroups/DevOpsProject-rg",
            "skip_service_principal_aad_check": null,
            "timeouts": null
          },
          "sensitive_attributes": [],
          "private": "eyJlMmJmYjczMC1lY2FhLTExZTYtOGY4OC0zNDM2M2JjN2M0YzAiOnsiY3JlYXRlIjoxODAwMDAwMDAwMDAwLCJkZWxldGUiOjE4MDAwMDAwMDAwMDAsInJlYWQiOjMwMDAwMDAwMDAwMH19",
          "dependencies": [
            "azurerm_resource_group.rg",
            "azurerm_user_assigned_identity.aks_identity"
          ]
        }
      ]
    },
    {
      "mode": "managed",
      "type": "azurerm_role_assignment",
      "name": "aks_user_role",
      "provider": "provider[\"registry.terraform.io/hashicorp/azurerm\"]",
      "instances": [
        {
          "schema_version": 0,
          "attributes": {
            "condition": "",
            "condition_version": "",
            "delegated_managed_identity_resource_id": "",
            "description": "",
            "id": "/subscriptions/e8f02450-f902-4480-a459-da106d4175a3/resourceGroups/DevOpsProject-rg/providers/Microsoft.Authorization/roleAssignments/7c95cfe0-5e12-4664-f44d-c213b3aa1ee0",
            "name": "7c95cfe0-5e12-4664-f44d-c213b3aa1ee0",
            "principal_id": "20fd8f6d-4709-4942-afb5-d5d857f9cf30",
            "principal_type": "ServicePrincipal",
            "role_definition_id": "/subscriptions/e8f02450-f902-4480-a459-da106d4175a3/providers/Microsoft.Authorization/roleDefinitions/0ab0b1a8-8aac-4efd-b8c2-3ee1fb270be8",
            "role_definition_name": "Azure Kubernetes Service Cluster Admin Role",
            "scope": "/subscriptions/e8f02450-f902-4480-a459-da106d4175a3/resourceGroups/DevOpsProject-rg",
            "skip_service_principal_aad_check": null,
            "timeouts": null
          },
          "sensitive_attributes": [],
          "private": "eyJlMmJmYjczMC1lY2FhLTExZTYtOGY4OC0zNDM2M2JjN2M0YzAiOnsiY3JlYXRlIjoxODAwMDAwMDAwMDAwLCJkZWxldGUiOjE4MDAwMDAwMDAwMDAsInJlYWQiOjMwMDAwMDAwMDAwMH19",
          "dependencies": [
            "azurerm_resource_group.rg",
            "azurerm_user_assigned_identity.vm_identity"
          ]
        }
      ]
    },
    {
      "mode": "managed",
      "type": "azurerm_role_assignment",
      "name": "vm_identity_role",
      "provider": "provider[\"registry.terraform.io/hashicorp/azurerm\"]",
      "instances": [
        {
          "schema_version": 0,
          "attributes": {
            "condition": "",
            "condition_version": "",
            "delegated_managed_identity_resource_id": "",
            "description": "",
            "id": "/subscriptions/e8f02450-f902-4480-a459-da106d4175a3/resourceGroups/DevOpsProject-rg/providers/Microsoft.Authorization/roleAssignments/54ef4f8e-65d1-a7f4-ed43-ba801762e2c2",
            "name": "54ef4f8e-65d1-a7f4-ed43-ba801762e2c2",
            "principal_id": "20fd8f6d-4709-4942-afb5-d5d857f9cf30",
            "principal_type": "ServicePrincipal",
            "role_definition_id": "/subscriptions/e8f02450-f902-4480-a459-da106d4175a3/providers/Microsoft.Authorization/roleDefinitions/b24988ac-6180-42a0-ab88-20f7382dd24c",
            "role_definition_name": "Contributor",
            "scope": "/subscriptions/e8f02450-f902-4480-a459-da106d4175a3/resourceGroups/DevOpsProject-rg",
            "skip_service_principal_aad_check": null,
            "timeouts": null
          },
          "sensitive_attributes": [],
          "private": "eyJlMmJmYjczMC1lY2FhLTExZTYtOGY4OC0zNDM2M2JjN2M0YzAiOnsiY3JlYXRlIjoxODAwMDAwMDAwMDAwLCJkZWxldGUiOjE4MDAwMDAwMDAwMDAsInJlYWQiOjMwMDAwMDAwMDAwMH19",
          "dependencies": [
            "azurerm_resource_group.rg",
            "azurerm_user_assigned_identity.vm_identity"
          ]
        }
      ]
    },
    {
      "mode": "managed",
      "type": "azurerm_subnet",
      "name": "aks_subnet",
      "provider": "provider[\"registry.terraform.io/hashicorp/azurerm\"]",
      "instances": [
        {
          "schema_version": 0,
          "attributes": {
            "address_prefixes": [
              "10.0.2.0/24"
            ],
            "default_outbound_access_enabled": true,
            "delegation": [],
            "enforce_private_link_endpoint_network_policies": false,
            "enforce_private_link_service_network_policies": false,
            "id": "/subscriptions/e8f02450-f902-4480-a459-da106d4175a3/resourceGroups/DevOpsProject-rg/providers/Microsoft.Network/virtualNetworks/vnet/subnets/aks-subnet",
            "name": "aks-subnet",
            "private_endpoint_network_policies": "Enabled",
            "private_endpoint_network_policies_enabled": true,
            "private_link_service_network_policies_enabled": true,
            "resource_group_name": "DevOpsProject-rg",
            "service_endpoint_policy_ids": [],
            "service_endpoints": [],
            "timeouts": null,
            "virtual_network_name": "vnet"
          },
          "sensitive_attributes": [],
          "private": "eyJlMmJmYjczMC1lY2FhLTExZTYtOGY4OC0zNDM2M2JjN2M0YzAiOnsiY3JlYXRlIjoxODAwMDAwMDAwMDAwLCJkZWxldGUiOjE4MDAwMDAwMDAwMDAsInJlYWQiOjMwMDAwMDAwMDAwMCwidXBkYXRlIjoxODAwMDAwMDAwMDAwfX0=",
          "dependencies": [
            "azurerm_resource_group.rg",
            "azurerm_virtual_network.vnet"
          ]
        }
      ]
    },
    {
      "mode": "managed",
      "type": "azurerm_subnet",
      "name": "runner_subnet",
      "provider": "provider[\"registry.terraform.io/hashicorp/azurerm\"]",
      "instances": [
        {
          "schema_version": 0,
          "attributes": {
            "address_prefixes": [
              "10.0.1.0/24"
            ],
            "default_outbound_access_enabled": true,
            "delegation": [],
            "enforce_private_link_endpoint_network_policies": false,
            "enforce_private_link_service_network_policies": false,
            "id": "subscriptions/e8f02450-f902-4480-a459-da106d4175a3/resourceGroups/DevOpsProject-rg/providers/Microsoft.Network/virtualNetworks/vnet/subnets/subnet",
            "name": "subnet",
            "private_endpoint_network_policies": "Enabled",
            "private_endpoint_network_policies_enabled": true,
            "private_link_service_network_policies_enabled": true,
            "resource_group_name": "DevOpsProject-rg",
            "service_endpoint_policy_ids": [],
            "service_endpoints": [],
            "timeouts": null,
            "virtual_network_name": "vnet"
          },
          "sensitive_attributes": [],
          "private": "eyJlMmJmYjczMC1lY2FhLTExZTYtOGY4OC0zNDM2M2JjN2M0YzAiOnsiY3JlYXRlIjoxODAwMDAwMDAwMDAwLCJkZWxldGUiOjE4MDAwMDAwMDAwMDAsInJlYWQiOjMwMDAwMDAwMDAwMCwidXBkYXRlIjoxODAwMDAwMDAwMDAwfSwic2NoZW1hX3ZlcnNpb24iOiIwIn0=",
          "dependencies": [
            "azurerm_resource_group.rg",
            "azurerm_virtual_network.devopsprojectvnet"
          ]
        }
      ]
    },
    {
      "mode": "managed",
      "type": "azurerm_subnet",
      "name": "subnet",
      "provider": "provider[\"registry.terraform.io/hashicorp/azurerm\"]",
      "instances": [
        {
          "schema_version": 0,
          "attributes": {
            "address_prefixes": [
              "10.0.1.0/24"
            ],
            "default_outbound_access_enabled": true,
            "delegation": [],
            "enforce_private_link_endpoint_network_policies": false,
            "enforce_private_link_service_network_policies": false,
            "id": "/subscriptions/e8f02450-f902-4480-a459-da106d4175a3/resourceGroups/DevOpsProject-rg/providers/Microsoft.Network/virtualNetworks/vnet/subnets/subnet",
            "name": "subnet",
            "private_endpoint_network_policies": "Enabled",
            "private_endpoint_network_policies_enabled": true,
            "private_link_service_network_policies_enabled": true,
            "resource_group_name": "DevOpsProject-rg",
            "service_endpoint_policy_ids": [],
            "service_endpoints": [],
            "timeouts": null,
            "virtual_network_name": "vnet"
          },
          "sensitive_attributes": [],
          "private": "eyJlMmJmYjczMC1lY2FhLTExZTYtOGY4OC0zNDM2M2JjN2M0YzAiOnsiY3JlYXRlIjoxODAwMDAwMDAwMDAwLCJkZWxldGUiOjE4MDAwMDAwMDAwMDAsInJlYWQiOjMwMDAwMDAwMDAwMCwidXBkYXRlIjoxODAwMDAwMDAwMDAwfX0=",
          "dependencies": [
            "azurerm_resource_group.rg",
            "azurerm_virtual_network.vnet"
          ]
        }
      ]
    },
    {
      "mode": "managed",
      "type": "azurerm_user_assigned_identity",
      "name": "aks_identity",
      "provider": "provider[\"registry.terraform.io/hashicorp/azurerm\"]",
      "instances": [
        {
          "schema_version": 1,
          "attributes": {
            "client_id": "7b19d974-4b09-4f7a-978f-be77bbf87dbe",
            "id": "/subscriptions/e8f02450-f902-4480-a459-da106d4175a3/resourceGroups/DevOpsProject-rg/providers/Microsoft.ManagedIdentity/userAssignedIdentities/aks-identity",
            "location": "canadacentral",
            "name": "aks-identity",
            "principal_id": "57e1206f-16a3-4811-848c-b6522d236f76",
            "resource_group_name": "DevOpsProject-rg",
            "tags": {},
            "tenant_id": "b6417cd0-1f73-4471-9a39-20953822a34a",
            "timeouts": null
          },
          "sensitive_attributes": [],
          "private": "eyJlMmJmYjczMC1lY2FhLTExZTYtOGY4OC0zNDM2M2JjN2M0YzAiOnsiY3JlYXRlIjoxODAwMDAwMDAwMDAwLCJkZWxldGUiOjE4MDAwMDAwMDAwMDAsInJlYWQiOjMwMDAwMDAwMDAwMCwidXBkYXRlIjoxODAwMDAwMDAwMDAwfSwic2NoZW1hX3ZlcnNpb24iOiIxIn0=",
          "dependencies": [
            "azurerm_resource_group.rg"
          ]
        }
      ]
    },
    {
      "mode": "managed",
      "type": "azurerm_user_assigned_identity",
      "name": "vm_identity",
      "provider": "provider[\"registry.terraform.io/hashicorp/azurerm\"]",
      "instances": [
        {
          "schema_version": 1,
          "attributes": {
            "client_id": "14c66c8c-0968-44d9-bcba-03f029b500f6",
            "id": "/subscriptions/e8f02450-f902-4480-a459-da106d4175a3/resourceGroups/DevOpsProject-rg/providers/Microsoft.ManagedIdentity/userAssignedIdentities/VM-identity",
            "location": "canadacentral",
            "name": "VM-identity",
            "principal_id": "20fd8f6d-4709-4942-afb5-d5d857f9cf30",
            "resource_group_name": "DevOpsProject-rg",
            "tags": {},
            "tenant_id": "b6417cd0-1f73-4471-9a39-20953822a34a",
            "timeouts": null
          },
          "sensitive_attributes": [],
          "private": "eyJlMmJmYjczMC1lY2FhLTExZTYtOGY4OC0zNDM2M2JjN2M0YzAiOnsiY3JlYXRlIjoxODAwMDAwMDAwMDAwLCJkZWxldGUiOjE4MDAwMDAwMDAwMDAsInJlYWQiOjMwMDAwMDAwMDAwMCwidXBkYXRlIjoxODAwMDAwMDAwMDAwfSwic2NoZW1hX3ZlcnNpb24iOiIxIn0=",
          "dependencies": [
            "azurerm_resource_group.rg"
          ]
        }
      ]
    },
    {
      "mode": "managed",
      "type": "azurerm_virtual_network",
      "name": "devopsprojectvnet",
      "provider": "provider[\"registry.terraform.io/hashicorp/azurerm\"]",
      "instances": [
        {
          "schema_version": 0,
          "attributes": {
            "address_space": [
              "10.0.0.0/16"
            ],
            "bgp_community": "",
            "ddos_protection_plan": [],
            "dns_servers": [],
            "edge_zone": "",
            "encryption": [],
            "flow_timeout_in_minutes": 0,
            "guid": "75ed627d-f628-4cc9-8f3e-3c56b55aac1c",
            "id": "/subscriptions/e8f02450-f902-4480-a459-da106d4175a3/resourceGroups/DevOpsProject-rg/providers/Microsoft.Network/virtualNetworks/vnet",
            "location": "canadacentral",
            "name": "vnet",
            "resource_group_name": "DevOpsProject-rg",
            "subnet": [
              {
                "address_prefix": "10.0.1.0/24",
                "id": "/subscriptions/e8f02450-f902-4480-a459-da106d4175a3/resourceGroups/DevOpsProject-rg/providers/Microsoft.Network/virtualNetworks/vnet/subnets/subnet",
                "name": "subnet",
                "security_group": ""
              },
              {
                "address_prefix": "10.0.2.0/24",
                "id": "/subscriptions/e8f02450-f902-4480-a459-da106d4175a3/resourceGroups/DevOpsProject-rg/providers/Microsoft.Network/virtualNetworks/vnet/subnets/aks-subnet",
                "name": "aks-subnet",
                "security_group": ""
              }
            ],
            "tags": {},
            "timeouts": null
          },
          "sensitive_attributes": [],
          "private": "eyJlMmJmYjczMC1lY2FhLTExZTYtOGY4OC0zNDM2M2JjN2M0YzAiOnsiY3JlYXRlIjoxODAwMDAwMDAwMDAwLCJkZWxldGUiOjE4MDAwMDAwMDAwMDAsInJlYWQiOjMwMDAwMDAwMDAwMCwidXBkYXRlIjoxODAwMDAwMDAwMDAwfSwic2NoZW1hX3ZlcnNpb24iOiIwIn0=",
          "dependencies": [
            "azurerm_resource_group.rg"
          ]
        }
      ]
    },
    {
      "mode": "managed",
      "type": "azurerm_virtual_network",
      "name": "vnet",
      "provider": "provider[\"registry.terraform.io/hashicorp/azurerm\"]",
      "instances": [
        {
          "schema_version": 0,
          "attributes": {
            "address_space": [
              "10.0.0.0/16"
            ],
            "bgp_community": "",
            "ddos_protection_plan": [],
            "dns_servers": [],
            "edge_zone": "",
            "encryption": [],
            "flow_timeout_in_minutes": 0,
            "guid": "75ed627d-f628-4cc9-8f3e-3c56b55aac1c",
            "id": "/subscriptions/e8f02450-f902-4480-a459-da106d4175a3/resourceGroups/DevOpsProject-rg/providers/Microsoft.Network/virtualNetworks/vnet",
            "location": "canadacentral",
            "name": "vnet",
            "resource_group_name": "DevOpsProject-rg",
            "subnet": [
              {
                "address_prefix": "10.0.1.0/24",
                "id": "/subscriptions/e8f02450-f902-4480-a459-da106d4175a3/resourceGroups/DevOpsProject-rg/providers/Microsoft.Network/virtualNetworks/vnet/subnets/subnet",
                "name": "subnet",
                "security_group": ""
              },
              {
                "address_prefix": "10.0.2.0/24",
                "id": "/subscriptions/e8f02450-f902-4480-a459-da106d4175a3/resourceGroups/DevOpsProject-rg/providers/Microsoft.Network/virtualNetworks/vnet/subnets/aks-subnet",
                "name": "aks-subnet",
                "security_group": ""
              }
            ],
            "tags": {},
            "timeouts": null
          },
          "sensitive_attributes": [],
          "private": "eyJlMmJmYjczMC1lY2FhLTExZTYtOGY4OC0zNDM2M2JjN2M0YzAiOnsiY3JlYXRlIjoxODAwMDAwMDAwMDAwLCJkZWxldGUiOjE4MDAwMDAwMDAwMDAsInJlYWQiOjMwMDAwMDAwMDAwMCwidXBkYXRlIjoxODAwMDAwMDAwMDAwfX0=",
          "dependencies": [
            "azurerm_resource_group.rg"
          ]
        }
      ]
    },
    {
      "mode": "managed",
      "type": "null_resource",
      "name": "run_ansible_playbook",
      "provider": "provider[\"registry.terraform.io/hashicorp/null\"]",
      "instances": [
        {
          "schema_version": 0,
          "attributes": {
            "id": "7166043968958129761",
            "triggers": {
              "public_ip": "4.206.119.104"
            }
          },
          "sensitive_attributes": [],
          "dependencies": [
            "azurerm_public_ip.public_ip",
            "azurerm_resource_group.rg"
          ]
        }
      ]
    }
  ],
  "check_results": null
}
